// !$*UTF8*$!
{
	archiveVersion = 1;
	classes = {
	};
	objectVersion = 46;
	objects = {

/* Begin PBXBuildFile section */
		7A04D5351DD44B39004544D0 /* appIconV2.2 1920.png in Resources */ = {isa = PBXBuildFile; fileRef = 7A1FF9391DD43BCA0021790C /* appIconV2.2 1920.png */; };
		7A04D5361DD44B3C004544D0 /* appIconV2.2 750.png in Resources */ = {isa = PBXBuildFile; fileRef = 7A1FF93A1DD43BCA0021790C /* appIconV2.2 750.png */; };
		7A04D5371DD44B3E004544D0 /* appIconV2.2.png in Resources */ = {isa = PBXBuildFile; fileRef = 7A1FF93B1DD43BCA0021790C /* appIconV2.2.png */; };
		7A04D5381DD44B41004544D0 /* appIconV2.2_OLD 750.png in Resources */ = {isa = PBXBuildFile; fileRef = 7A1FF93C1DD43BCA0021790C /* appIconV2.2_OLD 750.png */; };
		7A04D5391DD44B44004544D0 /* appTvLaunchImage.png in Resources */ = {isa = PBXBuildFile; fileRef = 7A1FF93D1DD43BCA0021790C /* appTvLaunchImage.png */; };
		7A04D53A1DD44B47004544D0 /* background-dark.png in Resources */ = {isa = PBXBuildFile; fileRef = 7A1FF93E1DD43BCA0021790C /* background-dark.png */; };
		7A04D53B1DD44B4A004544D0 /* background2.png in Resources */ = {isa = PBXBuildFile; fileRef = 7A1FF93F1DD43BCA0021790C /* background2.png */; };
		7A04D53C1DD44B51004544D0 /* background3.png in Resources */ = {isa = PBXBuildFile; fileRef = 7A1FF9401DD43BCA0021790C /* background3.png */; };
		7A04D53D1DD44B54004544D0 /* background4.png in Resources */ = {isa = PBXBuildFile; fileRef = 7A1FF9411DD43BCA0021790C /* background4.png */; };
		7A04D53E1DD44B56004544D0 /* backgroundg.png in Resources */ = {isa = PBXBuildFile; fileRef = 7A1FF9421DD43BCA0021790C /* backgroundg.png */; };
		7A04D53F1DD44B5A004544D0 /* button 150.png in Resources */ = {isa = PBXBuildFile; fileRef = 7A1FF9441DD43BCA0021790C /* button 150.png */; };
		7A04D5401DD44B5D004544D0 /* calibrate.png in Resources */ = {isa = PBXBuildFile; fileRef = 7A1FF9451DD43BCA0021790C /* calibrate.png */; };
		7A04D5411DD44B5F004544D0 /* calibratePressed.png in Resources */ = {isa = PBXBuildFile; fileRef = 7A1FF9461DD43BCA0021790C /* calibratePressed.png */; };
		7A04D5421DD44B61004544D0 /* developmentButton.png in Resources */ = {isa = PBXBuildFile; fileRef = 7A1FF9471DD43BCA0021790C /* developmentButton.png */; };
		7A04D5431DD44B64004544D0 /* developmentButtonPressed.png in Resources */ = {isa = PBXBuildFile; fileRef = 7A1FF9481DD43BCA0021790C /* developmentButtonPressed.png */; };
		7A04D5441DD44B66004544D0 /* disconnectButton.png in Resources */ = {isa = PBXBuildFile; fileRef = 7A1FF9491DD43BCA0021790C /* disconnectButton.png */; };
		7A04D5451DD44BB6004544D0 /* disconnectButtonPressed.png in Resources */ = {isa = PBXBuildFile; fileRef = 7A1FF94A1DD43BCA0021790C /* disconnectButtonPressed.png */; };
		7A04D5461DD44BB6004544D0 /* fireButton.png in Resources */ = {isa = PBXBuildFile; fileRef = 7A1FF94B1DD43BCA0021790C /* fireButton.png */; };
		7A04D5471DD44BB6004544D0 /* fireButtonPressed.png in Resources */ = {isa = PBXBuildFile; fileRef = 7A1FF94C1DD43BCA0021790C /* fireButtonPressed.png */; };
		7A04D5481DD44BB6004544D0 /* infoButton.png in Resources */ = {isa = PBXBuildFile; fileRef = 7A1FF94D1DD43BCA0021790C /* infoButton.png */; };
		7A04D5491DD44BB6004544D0 /* infoButtonPressed.png in Resources */ = {isa = PBXBuildFile; fileRef = 7A1FF94E1DD43BCA0021790C /* infoButtonPressed.png */; };
		7A04D54A1DD44BB6004544D0 /* mapButton.png in Resources */ = {isa = PBXBuildFile; fileRef = 7A1FF94F1DD43BCA0021790C /* mapButton.png */; };
		7A04D54B1DD44BB6004544D0 /* mapButtonPressed.png in Resources */ = {isa = PBXBuildFile; fileRef = 7A1FF9501DD43BCA0021790C /* mapButtonPressed.png */; };
		7A04D54C1DD44BB6004544D0 /* menuButton.png in Resources */ = {isa = PBXBuildFile; fileRef = 7A1FF9511DD43BCA0021790C /* menuButton.png */; };
		7A04D54D1DD44BB6004544D0 /* menuButtonPressed.png in Resources */ = {isa = PBXBuildFile; fileRef = 7A1FF9521DD43BCA0021790C /* menuButtonPressed.png */; };
		7A04D54E1DD44BB6004544D0 /* multiplayerButton.png in Resources */ = {isa = PBXBuildFile; fileRef = 7A1FF9531DD43BCA0021790C /* multiplayerButton.png */; };
		7A04D54F1DD44BB6004544D0 /* multiplayerButtonPressed.png in Resources */ = {isa = PBXBuildFile; fileRef = 7A1FF9541DD43BCA0021790C /* multiplayerButtonPressed.png */; };
		7A04D5501DD44BB6004544D0 /* mute.png in Resources */ = {isa = PBXBuildFile; fileRef = 7A1FF9551DD43BCA0021790C /* mute.png */; };
		7A04D5511DD44BB6004544D0 /* mutePressed.png in Resources */ = {isa = PBXBuildFile; fileRef = 7A1FF9561DD43BCA0021790C /* mutePressed.png */; };
		7A04D5521DD44BB6004544D0 /* pause.png in Resources */ = {isa = PBXBuildFile; fileRef = 7A1FF9571DD43BCA0021790C /* pause.png */; };
		7A04D5531DD44BB6004544D0 /* resetButton.png in Resources */ = {isa = PBXBuildFile; fileRef = 7A1FF9581DD43BCA0021790C /* resetButton.png */; };
		7A04D5541DD44BB6004544D0 /* resetButtonPressed.png in Resources */ = {isa = PBXBuildFile; fileRef = 7A1FF9591DD43BCA0021790C /* resetButtonPressed.png */; };
		7A04D5551DD44BB6004544D0 /* resume.png in Resources */ = {isa = PBXBuildFile; fileRef = 7A1FF95A1DD43BCA0021790C /* resume.png */; };
		7A04D5561DD44BB6004544D0 /* saveButton.png in Resources */ = {isa = PBXBuildFile; fileRef = 7A1FF95B1DD43BCA0021790C /* saveButton.png */; };
		7A04D5571DD44BB6004544D0 /* saveButtonPressed.png in Resources */ = {isa = PBXBuildFile; fileRef = 7A1FF95C1DD43BCA0021790C /* saveButtonPressed.png */; };
		7A04D5581DD44BB6004544D0 /* settingsButton.png in Resources */ = {isa = PBXBuildFile; fileRef = 7A1FF95D1DD43BCA0021790C /* settingsButton.png */; };
		7A04D5591DD44BB6004544D0 /* settingsButtonPressed.png in Resources */ = {isa = PBXBuildFile; fileRef = 7A1FF95E1DD43BCA0021790C /* settingsButtonPressed.png */; };
		7A04D55A1DD44BB6004544D0 /* startButton.png in Resources */ = {isa = PBXBuildFile; fileRef = 7A1FF95F1DD43BCA0021790C /* startButton.png */; };
		7A04D55B1DD44BB6004544D0 /* startButtonGame.png in Resources */ = {isa = PBXBuildFile; fileRef = 7A1FF9601DD43BCA0021790C /* startButtonGame.png */; };
		7A04D55C1DD44BB6004544D0 /* startButtonGamePressed.png in Resources */ = {isa = PBXBuildFile; fileRef = 7A1FF9611DD43BCA0021790C /* startButtonGamePressed.png */; };
		7A04D55D1DD44BB6004544D0 /* volumeButton.png in Resources */ = {isa = PBXBuildFile; fileRef = 7A1FF9621DD43BCA0021790C /* volumeButton.png */; };
		7A04D55E1DD44BB6004544D0 /* volumeButtonPressed.png in Resources */ = {isa = PBXBuildFile; fileRef = 7A1FF9631DD43BCA0021790C /* volumeButtonPressed.png */; };
		7A04D55F1DD44BC3004544D0 /* ash.png in Resources */ = {isa = PBXBuildFile; fileRef = 7A1FF9651DD43BCA0021790C /* ash.png */; };
		7A04D5601DD44BC3004544D0 /* brush.png in Resources */ = {isa = PBXBuildFile; fileRef = 7A1FF9661DD43BCA0021790C /* brush.png */; };
		7A04D5611DD44BC3004544D0 /* cat.png in Resources */ = {isa = PBXBuildFile; fileRef = 7A1FF9671DD43BCA0021790C /* cat.png */; };
		7A04D5621DD44BC3004544D0 /* catOpen.png in Resources */ = {isa = PBXBuildFile; fileRef = 7A1FF9681DD43BCA0021790C /* catOpen.png */; };
		7A04D5631DD44BC3004544D0 /* hairball.png in Resources */ = {isa = PBXBuildFile; fileRef = 7A1FF9691DD43BCA0021790C /* hairball.png */; };
		7A04D5641DD44BC3004544D0 /* princess copy.png in Resources */ = {isa = PBXBuildFile; fileRef = 7A1FF96A1DD43BCA0021790C /* princess copy.png */; };
		7A04D5651DD44BC3004544D0 /* princess orig.png in Resources */ = {isa = PBXBuildFile; fileRef = 7A1FF96B1DD43BCA0021790C /* princess orig.png */; };
		7A04D5661DD44BC3004544D0 /* princess.png in Resources */ = {isa = PBXBuildFile; fileRef = 7A1FF96C1DD43BCA0021790C /* princess.png */; };
		7A04D5671DD44BC3004544D0 /* princess2.png in Resources */ = {isa = PBXBuildFile; fileRef = 7A1FF96D1DD43BCA0021790C /* princess2.png */; };
		7A04D5681DD44BC3004544D0 /* princessDryer.png in Resources */ = {isa = PBXBuildFile; fileRef = 7A1FF96E1DD43BCA0021790C /* princessDryer.png */; };
		7A04D5691DD44BC3004544D0 /* zombie.png in Resources */ = {isa = PBXBuildFile; fileRef = 7A1FF96F1DD43BCA0021790C /* zombie.png */; };
		7A04D56A1DD44BC7004544D0 /* Game-Center.png in Resources */ = {isa = PBXBuildFile; fileRef = 7A1FF9701DD43BCA0021790C /* Game-Center.png */; };
		7A04D56B1DD44BC7004544D0 /* Game-CenterPressed.png in Resources */ = {isa = PBXBuildFile; fileRef = 7A1FF9711DD43BCA0021790C /* Game-CenterPressed.png */; };
		7A04D56C1DD44BCF004544D0 /* Castle.png in Resources */ = {isa = PBXBuildFile; fileRef = 7A1FF9731DD43BCB0021790C /* Castle.png */; };
		7A04D56D1DD44BCF004544D0 /* jungle.png in Resources */ = {isa = PBXBuildFile; fileRef = 7A1FF9741DD43BCB0021790C /* jungle.png */; };
		7A04D56E1DD44BCF004544D0 /* map1.png in Resources */ = {isa = PBXBuildFile; fileRef = 7A1FF9751DD43BCB0021790C /* map1.png */; };
		7A04D56F1DD44BCF004544D0 /* Volcano.png in Resources */ = {isa = PBXBuildFile; fileRef = 7A1FF9761DD43BCB0021790C /* Volcano.png */; };
		7A04D5701DD44BCF004544D0 /* waterfall.png in Resources */ = {isa = PBXBuildFile; fileRef = 7A1FF9771DD43BCB0021790C /* waterfall.png */; };
		7A04D5711DD44BD3004544D0 /* map.png in Resources */ = {isa = PBXBuildFile; fileRef = 7A1FF9781DD43BCB0021790C /* map.png */; };
		7A04D5721DD44BDD004544D0 /* lbackground.png in Resources */ = {isa = PBXBuildFile; fileRef = 7A1FF98C1DD43BCB0021790C /* lbackground.png */; };
		7A04D5731DD44BDD004544D0 /* lmain.png in Resources */ = {isa = PBXBuildFile; fileRef = 7A1FF98D1DD43BCB0021790C /* lmain.png */; };
		7A04D5741DD44BDD004544D0 /* lyellow.png in Resources */ = {isa = PBXBuildFile; fileRef = 7A1FF98E1DD43BCB0021790C /* lyellow.png */; };
		7A04D5751DD44BE2004544D0 /* background.png in Resources */ = {isa = PBXBuildFile; fileRef = 7A1FF9901DD43BCB0021790C /* background.png */; };
		7A04D5761DD44BE2004544D0 /* main.png in Resources */ = {isa = PBXBuildFile; fileRef = 7A1FF9911DD43BCB0021790C /* main.png */; };
		7A04D5771DD44BE2004544D0 /* yellow.png in Resources */ = {isa = PBXBuildFile; fileRef = 7A1FF9921DD43BCB0021790C /* yellow.png */; };
		7A04D5781DD44BE5004544D0 /* tvOSIcon.lsr in Resources */ = {isa = PBXBuildFile; fileRef = 7A1FF9931DD43BCB0021790C /* tvOSIcon.lsr */; };
		7A04D5791DD44BF7004544D0 /* backButton.png in Resources */ = {isa = PBXBuildFile; fileRef = 7A1FF97A1DD43BCB0021790C /* backButton.png */; };
		7A04D57A1DD44BF7004544D0 /* backButtonPressed.png in Resources */ = {isa = PBXBuildFile; fileRef = 7A1FF97B1DD43BCB0021790C /* backButtonPressed.png */; };
		7A04D57B1DD44BF7004544D0 /* battery.png in Resources */ = {isa = PBXBuildFile; fileRef = 7A1FF97C1DD43BCB0021790C /* battery.png */; };
		7A04D57C1DD44BF7004544D0 /* big-infinity-symbol-md.png in Resources */ = {isa = PBXBuildFile; fileRef = 7A1FF97D1DD43BCB0021790C /* big-infinity-symbol-md.png */; };
		7A04D57D1DD44BF7004544D0 /* buyButton.png in Resources */ = {isa = PBXBuildFile; fileRef = 7A1FF97E1DD43BCB0021790C /* buyButton.png */; };
		7A04D57E1DD44BF7004544D0 /* buyButtonPressed.png in Resources */ = {isa = PBXBuildFile; fileRef = 7A1FF97F1DD43BCB0021790C /* buyButtonPressed.png */; };
		7A04D57F1DD44BF7004544D0 /* check.png in Resources */ = {isa = PBXBuildFile; fileRef = 7A1FF9801DD43BCB0021790C /* check.png */; };
		7A04D5801DD44BF7004544D0 /* coin.png in Resources */ = {isa = PBXBuildFile; fileRef = 7A1FF9811DD43BCB0021790C /* coin.png */; };
		7A04D5811DD44BF7004544D0 /* healthPack.png in Resources */ = {isa = PBXBuildFile; fileRef = 7A1FF9821DD43BCB0021790C /* healthPack.png */; };
		7A04D5821DD44BF7004544D0 /* infiniteBrush.png in Resources */ = {isa = PBXBuildFile; fileRef = 7A1FF9831DD43BCB0021790C /* infiniteBrush.png */; };
		7A04D5831DD44BF7004544D0 /* leftScrollButton.png in Resources */ = {isa = PBXBuildFile; fileRef = 7A1FF9841DD43BCB0021790C /* leftScrollButton.png */; };
		7A04D5841DD44BF7004544D0 /* leftScrollButtonPressed.png in Resources */ = {isa = PBXBuildFile; fileRef = 7A1FF9851DD43BCB0021790C /* leftScrollButtonPressed.png */; };
		7A04D5851DD44BF7004544D0 /* rightScrollButton.png in Resources */ = {isa = PBXBuildFile; fileRef = 7A1FF9861DD43BCB0021790C /* rightScrollButton.png */; };
		7A04D5861DD44BF7004544D0 /* rightScrollButtonPressed.png in Resources */ = {isa = PBXBuildFile; fileRef = 7A1FF9871DD43BCB0021790C /* rightScrollButtonPressed.png */; };
		7A04D5871DD44BF7004544D0 /* storeButton.png in Resources */ = {isa = PBXBuildFile; fileRef = 7A1FF9881DD43BCB0021790C /* storeButton.png */; };
		7A04D5881DD44BF7004544D0 /* storeButtonPressed.png in Resources */ = {isa = PBXBuildFile; fileRef = 7A1FF9891DD43BCB0021790C /* storeButtonPressed.png */; };
		7A04D5891DD44C10004544D0 /* appIconV2.2 1024.png in Resources */ = {isa = PBXBuildFile; fileRef = 7A1FF9381DD43BCA0021790C /* appIconV2.2 1024.png */; };
		7A11DC591B5720F300666C29 /* StoreKit.framework in Frameworks */ = {isa = PBXBuildFile; fileRef = 7A11DC581B5720F300666C29 /* StoreKit.framework */; };
		7A1ABC9A1BAD230A00D6904C /* AppDelegate.swift in Sources */ = {isa = PBXBuildFile; fileRef = 7A1ABC991BAD230A00D6904C /* AppDelegate.swift */; };
		7A1ABC9C1BAD230A00D6904C /* GameScene.sks in Resources */ = {isa = PBXBuildFile; fileRef = 7A1ABC9B1BAD230A00D6904C /* GameScene.sks */; };
		7A1ABCA01BAD230A00D6904C /* GameViewController.swift in Sources */ = {isa = PBXBuildFile; fileRef = 7A1ABC9F1BAD230A00D6904C /* GameViewController.swift */; };
		7A1ABCA51BAD230A00D6904C /* Main.storyboard in Resources */ = {isa = PBXBuildFile; fileRef = 7A1ABCA31BAD230A00D6904C /* Main.storyboard */; };
		7A1ABCA71BAD230A00D6904C /* Assets.xcassets in Resources */ = {isa = PBXBuildFile; fileRef = 7A1ABCA61BAD230A00D6904C /* Assets.xcassets */; };
		7A1ABCCB1BAD25A500D6904C /* CatZombie.swift in Sources */ = {isa = PBXBuildFile; fileRef = 7A1ABCC81BAD25A500D6904C /* CatZombie.swift */; };
		7A1ABCCC1BAD25A500D6904C /* GenericZombie.swift in Sources */ = {isa = PBXBuildFile; fileRef = 7A1ABCC91BAD25A500D6904C /* GenericZombie.swift */; };
		7A1ABCCD1BAD25A500D6904C /* Princess.swift in Sources */ = {isa = PBXBuildFile; fileRef = 7A1ABCCA1BAD25A500D6904C /* Princess.swift */; };
		7A1ABCE91BAD278200D6904C /* CatZombie.swift in Sources */ = {isa = PBXBuildFile; fileRef = 7A1ABCC81BAD25A500D6904C /* CatZombie.swift */; };
		7A1ABCEA1BAD278500D6904C /* GenericZombie.swift in Sources */ = {isa = PBXBuildFile; fileRef = 7A1ABCC91BAD25A500D6904C /* GenericZombie.swift */; };
		7A1ABCEB1BAD278700D6904C /* Princess.swift in Sources */ = {isa = PBXBuildFile; fileRef = 7A1ABCCA1BAD25A500D6904C /* Princess.swift */; };
		7A1ABCEC1BAD296000D6904C /* Smoke.sks in Resources */ = {isa = PBXBuildFile; fileRef = 7AC509311AC61D090034F76E /* Smoke.sks */; };
		7A1ABCED1BAD296300D6904C /* spark.png in Resources */ = {isa = PBXBuildFile; fileRef = 7AC509321AC61D090034F76E /* spark.png */; };
		7A1FF9971DD43BCB0021790C /* appIconV2.2 1024.png in Resources */ = {isa = PBXBuildFile; fileRef = 7A1FF9381DD43BCA0021790C /* appIconV2.2 1024.png */; };
		7A1FF9981DD43BCB0021790C /* appIconV2.2 1920.png in Resources */ = {isa = PBXBuildFile; fileRef = 7A1FF9391DD43BCA0021790C /* appIconV2.2 1920.png */; };
		7A1FF9991DD43BCB0021790C /* appIconV2.2 750.png in Resources */ = {isa = PBXBuildFile; fileRef = 7A1FF93A1DD43BCA0021790C /* appIconV2.2 750.png */; };
		7A1FF99A1DD43BCB0021790C /* appIconV2.2.png in Resources */ = {isa = PBXBuildFile; fileRef = 7A1FF93B1DD43BCA0021790C /* appIconV2.2.png */; };
		7A1FF99B1DD43BCB0021790C /* appIconV2.2_OLD 750.png in Resources */ = {isa = PBXBuildFile; fileRef = 7A1FF93C1DD43BCA0021790C /* appIconV2.2_OLD 750.png */; };
		7A1FF99C1DD43BCB0021790C /* appTvLaunchImage.png in Resources */ = {isa = PBXBuildFile; fileRef = 7A1FF93D1DD43BCA0021790C /* appTvLaunchImage.png */; };
		7A1FF99D1DD43BCB0021790C /* background-dark.png in Resources */ = {isa = PBXBuildFile; fileRef = 7A1FF93E1DD43BCA0021790C /* background-dark.png */; };
		7A1FF99E1DD43BCB0021790C /* background2.png in Resources */ = {isa = PBXBuildFile; fileRef = 7A1FF93F1DD43BCA0021790C /* background2.png */; };
		7A1FF99F1DD43BCB0021790C /* background3.png in Resources */ = {isa = PBXBuildFile; fileRef = 7A1FF9401DD43BCA0021790C /* background3.png */; };
		7A1FF9A01DD43BCB0021790C /* background4.png in Resources */ = {isa = PBXBuildFile; fileRef = 7A1FF9411DD43BCA0021790C /* background4.png */; };
		7A1FF9A11DD43BCB0021790C /* backgroundg.png in Resources */ = {isa = PBXBuildFile; fileRef = 7A1FF9421DD43BCA0021790C /* backgroundg.png */; };
		7A1FF9A21DD43BCB0021790C /* button 150.png in Resources */ = {isa = PBXBuildFile; fileRef = 7A1FF9441DD43BCA0021790C /* button 150.png */; };
		7A1FF9A31DD43BCB0021790C /* calibrate.png in Resources */ = {isa = PBXBuildFile; fileRef = 7A1FF9451DD43BCA0021790C /* calibrate.png */; };
		7A1FF9A41DD43BCB0021790C /* calibratePressed.png in Resources */ = {isa = PBXBuildFile; fileRef = 7A1FF9461DD43BCA0021790C /* calibratePressed.png */; };
		7A1FF9A51DD43BCB0021790C /* developmentButton.png in Resources */ = {isa = PBXBuildFile; fileRef = 7A1FF9471DD43BCA0021790C /* developmentButton.png */; };
		7A1FF9A61DD43BCB0021790C /* developmentButtonPressed.png in Resources */ = {isa = PBXBuildFile; fileRef = 7A1FF9481DD43BCA0021790C /* developmentButtonPressed.png */; };
		7A1FF9A71DD43BCB0021790C /* disconnectButton.png in Resources */ = {isa = PBXBuildFile; fileRef = 7A1FF9491DD43BCA0021790C /* disconnectButton.png */; };
		7A1FF9A81DD43BCB0021790C /* disconnectButtonPressed.png in Resources */ = {isa = PBXBuildFile; fileRef = 7A1FF94A1DD43BCA0021790C /* disconnectButtonPressed.png */; };
		7A1FF9A91DD43BCB0021790C /* fireButton.png in Resources */ = {isa = PBXBuildFile; fileRef = 7A1FF94B1DD43BCA0021790C /* fireButton.png */; };
		7A1FF9AA1DD43BCB0021790C /* fireButtonPressed.png in Resources */ = {isa = PBXBuildFile; fileRef = 7A1FF94C1DD43BCA0021790C /* fireButtonPressed.png */; };
		7A1FF9AB1DD43BCB0021790C /* infoButton.png in Resources */ = {isa = PBXBuildFile; fileRef = 7A1FF94D1DD43BCA0021790C /* infoButton.png */; };
		7A1FF9AC1DD43BCB0021790C /* infoButtonPressed.png in Resources */ = {isa = PBXBuildFile; fileRef = 7A1FF94E1DD43BCA0021790C /* infoButtonPressed.png */; };
		7A1FF9AD1DD43BCB0021790C /* mapButton.png in Resources */ = {isa = PBXBuildFile; fileRef = 7A1FF94F1DD43BCA0021790C /* mapButton.png */; };
		7A1FF9AE1DD43BCB0021790C /* mapButtonPressed.png in Resources */ = {isa = PBXBuildFile; fileRef = 7A1FF9501DD43BCA0021790C /* mapButtonPressed.png */; };
		7A1FF9AF1DD43BCB0021790C /* menuButton.png in Resources */ = {isa = PBXBuildFile; fileRef = 7A1FF9511DD43BCA0021790C /* menuButton.png */; };
		7A1FF9B01DD43BCB0021790C /* menuButtonPressed.png in Resources */ = {isa = PBXBuildFile; fileRef = 7A1FF9521DD43BCA0021790C /* menuButtonPressed.png */; };
		7A1FF9B11DD43BCB0021790C /* multiplayerButton.png in Resources */ = {isa = PBXBuildFile; fileRef = 7A1FF9531DD43BCA0021790C /* multiplayerButton.png */; };
		7A1FF9B21DD43BCB0021790C /* multiplayerButtonPressed.png in Resources */ = {isa = PBXBuildFile; fileRef = 7A1FF9541DD43BCA0021790C /* multiplayerButtonPressed.png */; };
		7A1FF9B31DD43BCB0021790C /* mute.png in Resources */ = {isa = PBXBuildFile; fileRef = 7A1FF9551DD43BCA0021790C /* mute.png */; };
		7A1FF9B41DD43BCB0021790C /* mutePressed.png in Resources */ = {isa = PBXBuildFile; fileRef = 7A1FF9561DD43BCA0021790C /* mutePressed.png */; };
		7A1FF9B51DD43BCB0021790C /* pause.png in Resources */ = {isa = PBXBuildFile; fileRef = 7A1FF9571DD43BCA0021790C /* pause.png */; };
		7A1FF9B61DD43BCB0021790C /* resetButton.png in Resources */ = {isa = PBXBuildFile; fileRef = 7A1FF9581DD43BCA0021790C /* resetButton.png */; };
		7A1FF9B71DD43BCB0021790C /* resetButtonPressed.png in Resources */ = {isa = PBXBuildFile; fileRef = 7A1FF9591DD43BCA0021790C /* resetButtonPressed.png */; };
		7A1FF9B81DD43BCB0021790C /* resume.png in Resources */ = {isa = PBXBuildFile; fileRef = 7A1FF95A1DD43BCA0021790C /* resume.png */; };
		7A1FF9B91DD43BCB0021790C /* saveButton.png in Resources */ = {isa = PBXBuildFile; fileRef = 7A1FF95B1DD43BCA0021790C /* saveButton.png */; };
		7A1FF9BA1DD43BCB0021790C /* saveButtonPressed.png in Resources */ = {isa = PBXBuildFile; fileRef = 7A1FF95C1DD43BCA0021790C /* saveButtonPressed.png */; };
		7A1FF9BB1DD43BCB0021790C /* settingsButton.png in Resources */ = {isa = PBXBuildFile; fileRef = 7A1FF95D1DD43BCA0021790C /* settingsButton.png */; };
		7A1FF9BC1DD43BCB0021790C /* settingsButtonPressed.png in Resources */ = {isa = PBXBuildFile; fileRef = 7A1FF95E1DD43BCA0021790C /* settingsButtonPressed.png */; };
		7A1FF9BD1DD43BCB0021790C /* startButton.png in Resources */ = {isa = PBXBuildFile; fileRef = 7A1FF95F1DD43BCA0021790C /* startButton.png */; };
		7A1FF9BE1DD43BCB0021790C /* startButtonGame.png in Resources */ = {isa = PBXBuildFile; fileRef = 7A1FF9601DD43BCA0021790C /* startButtonGame.png */; };
		7A1FF9BF1DD43BCB0021790C /* startButtonGamePressed.png in Resources */ = {isa = PBXBuildFile; fileRef = 7A1FF9611DD43BCA0021790C /* startButtonGamePressed.png */; };
		7A1FF9C01DD43BCB0021790C /* volumeButton.png in Resources */ = {isa = PBXBuildFile; fileRef = 7A1FF9621DD43BCA0021790C /* volumeButton.png */; };
		7A1FF9C11DD43BCB0021790C /* volumeButtonPressed.png in Resources */ = {isa = PBXBuildFile; fileRef = 7A1FF9631DD43BCA0021790C /* volumeButtonPressed.png */; };
		7A1FF9C21DD43BCB0021790C /* ash.png in Resources */ = {isa = PBXBuildFile; fileRef = 7A1FF9651DD43BCA0021790C /* ash.png */; };
		7A1FF9C31DD43BCB0021790C /* brush.png in Resources */ = {isa = PBXBuildFile; fileRef = 7A1FF9661DD43BCA0021790C /* brush.png */; };
		7A1FF9C41DD43BCB0021790C /* cat.png in Resources */ = {isa = PBXBuildFile; fileRef = 7A1FF9671DD43BCA0021790C /* cat.png */; };
		7A1FF9C51DD43BCB0021790C /* catOpen.png in Resources */ = {isa = PBXBuildFile; fileRef = 7A1FF9681DD43BCA0021790C /* catOpen.png */; };
		7A1FF9C61DD43BCB0021790C /* hairball.png in Resources */ = {isa = PBXBuildFile; fileRef = 7A1FF9691DD43BCA0021790C /* hairball.png */; };
		7A1FF9C71DD43BCB0021790C /* princess copy.png in Resources */ = {isa = PBXBuildFile; fileRef = 7A1FF96A1DD43BCA0021790C /* princess copy.png */; };
		7A1FF9C81DD43BCB0021790C /* princess orig.png in Resources */ = {isa = PBXBuildFile; fileRef = 7A1FF96B1DD43BCA0021790C /* princess orig.png */; };
		7A1FF9C91DD43BCB0021790C /* princess.png in Resources */ = {isa = PBXBuildFile; fileRef = 7A1FF96C1DD43BCA0021790C /* princess.png */; };
		7A1FF9CA1DD43BCB0021790C /* princess2.png in Resources */ = {isa = PBXBuildFile; fileRef = 7A1FF96D1DD43BCA0021790C /* princess2.png */; };
		7A1FF9CB1DD43BCB0021790C /* princessDryer.png in Resources */ = {isa = PBXBuildFile; fileRef = 7A1FF96E1DD43BCA0021790C /* princessDryer.png */; };
		7A1FF9CC1DD43BCB0021790C /* zombie.png in Resources */ = {isa = PBXBuildFile; fileRef = 7A1FF96F1DD43BCA0021790C /* zombie.png */; };
		7A1FF9CD1DD43BCB0021790C /* Game-Center.png in Resources */ = {isa = PBXBuildFile; fileRef = 7A1FF9701DD43BCA0021790C /* Game-Center.png */; };
		7A1FF9CE1DD43BCB0021790C /* Game-CenterPressed.png in Resources */ = {isa = PBXBuildFile; fileRef = 7A1FF9711DD43BCA0021790C /* Game-CenterPressed.png */; };
		7A1FF9CF1DD43BCB0021790C /* Castle.png in Resources */ = {isa = PBXBuildFile; fileRef = 7A1FF9731DD43BCB0021790C /* Castle.png */; };
		7A1FF9D01DD43BCB0021790C /* jungle.png in Resources */ = {isa = PBXBuildFile; fileRef = 7A1FF9741DD43BCB0021790C /* jungle.png */; };
		7A1FF9D11DD43BCB0021790C /* map1.png in Resources */ = {isa = PBXBuildFile; fileRef = 7A1FF9751DD43BCB0021790C /* map1.png */; };
		7A1FF9D21DD43BCB0021790C /* Volcano.png in Resources */ = {isa = PBXBuildFile; fileRef = 7A1FF9761DD43BCB0021790C /* Volcano.png */; };
		7A1FF9D31DD43BCB0021790C /* waterfall.png in Resources */ = {isa = PBXBuildFile; fileRef = 7A1FF9771DD43BCB0021790C /* waterfall.png */; };
		7A1FF9D41DD43BCB0021790C /* map.png in Resources */ = {isa = PBXBuildFile; fileRef = 7A1FF9781DD43BCB0021790C /* map.png */; };
		7A1FF9D51DD43BCB0021790C /* backButton.png in Resources */ = {isa = PBXBuildFile; fileRef = 7A1FF97A1DD43BCB0021790C /* backButton.png */; };
		7A1FF9D61DD43BCB0021790C /* backButtonPressed.png in Resources */ = {isa = PBXBuildFile; fileRef = 7A1FF97B1DD43BCB0021790C /* backButtonPressed.png */; };
		7A1FF9D71DD43BCB0021790C /* battery.png in Resources */ = {isa = PBXBuildFile; fileRef = 7A1FF97C1DD43BCB0021790C /* battery.png */; };
		7A1FF9D81DD43BCB0021790C /* big-infinity-symbol-md.png in Resources */ = {isa = PBXBuildFile; fileRef = 7A1FF97D1DD43BCB0021790C /* big-infinity-symbol-md.png */; };
		7A1FF9D91DD43BCB0021790C /* buyButton.png in Resources */ = {isa = PBXBuildFile; fileRef = 7A1FF97E1DD43BCB0021790C /* buyButton.png */; };
		7A1FF9DA1DD43BCB0021790C /* buyButtonPressed.png in Resources */ = {isa = PBXBuildFile; fileRef = 7A1FF97F1DD43BCB0021790C /* buyButtonPressed.png */; };
		7A1FF9DB1DD43BCB0021790C /* check.png in Resources */ = {isa = PBXBuildFile; fileRef = 7A1FF9801DD43BCB0021790C /* check.png */; };
		7A1FF9DC1DD43BCB0021790C /* coin.png in Resources */ = {isa = PBXBuildFile; fileRef = 7A1FF9811DD43BCB0021790C /* coin.png */; };
		7A1FF9DD1DD43BCB0021790C /* healthPack.png in Resources */ = {isa = PBXBuildFile; fileRef = 7A1FF9821DD43BCB0021790C /* healthPack.png */; };
		7A1FF9DE1DD43BCB0021790C /* infiniteBrush.png in Resources */ = {isa = PBXBuildFile; fileRef = 7A1FF9831DD43BCB0021790C /* infiniteBrush.png */; };
		7A1FF9DF1DD43BCB0021790C /* leftScrollButton.png in Resources */ = {isa = PBXBuildFile; fileRef = 7A1FF9841DD43BCB0021790C /* leftScrollButton.png */; };
		7A1FF9E01DD43BCB0021790C /* leftScrollButtonPressed.png in Resources */ = {isa = PBXBuildFile; fileRef = 7A1FF9851DD43BCB0021790C /* leftScrollButtonPressed.png */; };
		7A1FF9E11DD43BCB0021790C /* rightScrollButton.png in Resources */ = {isa = PBXBuildFile; fileRef = 7A1FF9861DD43BCB0021790C /* rightScrollButton.png */; };
		7A1FF9E21DD43BCB0021790C /* rightScrollButtonPressed.png in Resources */ = {isa = PBXBuildFile; fileRef = 7A1FF9871DD43BCB0021790C /* rightScrollButtonPressed.png */; };
		7A1FF9E31DD43BCB0021790C /* storeButton.png in Resources */ = {isa = PBXBuildFile; fileRef = 7A1FF9881DD43BCB0021790C /* storeButton.png */; };
		7A1FF9E41DD43BCB0021790C /* storeButtonPressed.png in Resources */ = {isa = PBXBuildFile; fileRef = 7A1FF9891DD43BCB0021790C /* storeButtonPressed.png */; };
		7A1FF9E51DD43BCB0021790C /* lbackground.png in Resources */ = {isa = PBXBuildFile; fileRef = 7A1FF98C1DD43BCB0021790C /* lbackground.png */; };
		7A1FF9E61DD43BCB0021790C /* lmain.png in Resources */ = {isa = PBXBuildFile; fileRef = 7A1FF98D1DD43BCB0021790C /* lmain.png */; };
		7A1FF9E71DD43BCB0021790C /* lyellow.png in Resources */ = {isa = PBXBuildFile; fileRef = 7A1FF98E1DD43BCB0021790C /* lyellow.png */; };
		7A1FF9E81DD43BCB0021790C /* background.png in Resources */ = {isa = PBXBuildFile; fileRef = 7A1FF9901DD43BCB0021790C /* background.png */; };
		7A1FF9E91DD43BCB0021790C /* main.png in Resources */ = {isa = PBXBuildFile; fileRef = 7A1FF9911DD43BCB0021790C /* main.png */; };
		7A1FF9EA1DD43BCB0021790C /* yellow.png in Resources */ = {isa = PBXBuildFile; fileRef = 7A1FF9921DD43BCB0021790C /* yellow.png */; };
		7A1FF9EB1DD43BCB0021790C /* tvOSIcon.lsr in Resources */ = {isa = PBXBuildFile; fileRef = 7A1FF9931DD43BCB0021790C /* tvOSIcon.lsr */; };
		7A1FF9EC1DD43BCB0021790C /* prince.png in Resources */ = {isa = PBXBuildFile; fileRef = 7A1FF9951DD43BCB0021790C /* prince.png */; };
		7A1FF9ED1DD43BCB0021790C /* speech.png in Resources */ = {isa = PBXBuildFile; fileRef = 7A1FF9961DD43BCB0021790C /* speech.png */; };
		7A414FC71A881FD500CA7303 /* JCJoystick.m in Sources */ = {isa = PBXBuildFile; fileRef = 7A414FC61A881FD500CA7303 /* JCJoystick.m */; };
		7A4C6E401AFDBC31004E0070 /* CoreMotion.framework in Frameworks */ = {isa = PBXBuildFile; fileRef = 7A4C6E3F1AFDBC31004E0070 /* CoreMotion.framework */; };
		7A4E1DAE19D7970900001C55 /* SKButton.swift in Sources */ = {isa = PBXBuildFile; fileRef = 7A4E1DAD19D7970800001C55 /* SKButton.swift */; };
		7A4E783C19C735B900C5E9B3 /* AppDelegate.swift in Sources */ = {isa = PBXBuildFile; fileRef = 7A4E783B19C735B900C5E9B3 /* AppDelegate.swift */; };
		7A4E783E19C735B900C5E9B3 /* TitleScene.sks in Resources */ = {isa = PBXBuildFile; fileRef = 7A4E783D19C735B900C5E9B3 /* TitleScene.sks */; };
		7A4E784219C735B900C5E9B3 /* GameViewController.swift in Sources */ = {isa = PBXBuildFile; fileRef = 7A4E784119C735B900C5E9B3 /* GameViewController.swift */; };
		7A4E784519C735B900C5E9B3 /* Main.storyboard in Resources */ = {isa = PBXBuildFile; fileRef = 7A4E784319C735B900C5E9B3 /* Main.storyboard */; };
		7A4E784719C735B900C5E9B3 /* Images.xcassets in Resources */ = {isa = PBXBuildFile; fileRef = 7A4E784619C735B900C5E9B3 /* Images.xcassets */; };
		7A4E784A19C735B900C5E9B3 /* LaunchScreen.xib in Resources */ = {isa = PBXBuildFile; fileRef = 7A4E784819C735B900C5E9B3 /* LaunchScreen.xib */; };
		7A53A7881AF9CA0600A0A7FA /* ChallengeScene.sks in Resources */ = {isa = PBXBuildFile; fileRef = 7A53A7871AF9CA0600A0A7FA /* ChallengeScene.sks */; };
		7A53A78A1AF9CA2D00A0A7FA /* ChallengeScene.swift in Sources */ = {isa = PBXBuildFile; fileRef = 7A53A7891AF9CA2D00A0A7FA /* ChallengeScene.swift */; };
		7A656D141BB39EB300A8912F /* GameScene.swift in Sources */ = {isa = PBXBuildFile; fileRef = 7A656D131BB39EB300A8912F /* GameScene.swift */; };
		7A656D151BB39EB300A8912F /* GameScene.swift in Sources */ = {isa = PBXBuildFile; fileRef = 7A656D131BB39EB300A8912F /* GameScene.swift */; };
		7A656D181BB39EDD00A8912F /* background-music.wav in Resources */ = {isa = PBXBuildFile; fileRef = 7A656D171BB39EDD00A8912F /* background-music.wav */; };
		7A656D191BB39EDD00A8912F /* background-music.wav in Resources */ = {isa = PBXBuildFile; fileRef = 7A656D171BB39EDD00A8912F /* background-music.wav */; };
		7A772E481B20AF9A00BB71E5 /* DevelopmentScene.swift in Sources */ = {isa = PBXBuildFile; fileRef = 7A772E471B20AF9A00BB71E5 /* DevelopmentScene.swift */; };
		7A772E4A1B20B73200BB71E5 /* DevelopmentScene.sks in Resources */ = {isa = PBXBuildFile; fileRef = 7A772E491B20B73200BB71E5 /* DevelopmentScene.sks */; };
		7A7933A41ADAF74C009C0272 /* CloudKit.framework in Frameworks */ = {isa = PBXBuildFile; fileRef = 7A7933A31ADAF74C009C0272 /* CloudKit.framework */; };
		7A87B8081B263F51003E3571 /* GameController.framework in Frameworks */ = {isa = PBXBuildFile; fileRef = 7A87B8071B263F51003E3571 /* GameController.framework */; };
		7A8E00561ABDDE6C00AA4C26 /* MultiplayerScene.sks in Resources */ = {isa = PBXBuildFile; fileRef = 7A8E00551ABDDE6C00AA4C26 /* MultiplayerScene.sks */; };
		7A8E00581ABDDE9700AA4C26 /* MultiplayerScene.swift in Sources */ = {isa = PBXBuildFile; fileRef = 7A8E00571ABDDE9700AA4C26 /* MultiplayerScene.swift */; };
		7A92656F19CF2A280090595F /* TitleScene.swift in Sources */ = {isa = PBXBuildFile; fileRef = 7A92656E19CF2A280090595F /* TitleScene.swift */; };
		7A92657119CF2DEB0090595F /* TutorialScene.swift in Sources */ = {isa = PBXBuildFile; fileRef = 7A92657019CF2DEB0090595F /* TutorialScene.swift */; };
		7AB4C6BE1A3539F300D23A88 /* MenuScene.swift in Sources */ = {isa = PBXBuildFile; fileRef = 7AB4C6BD1A3539F300D23A88 /* MenuScene.swift */; };
		7AB4C6C01A353B7900D23A88 /* MenuScene.sks in Resources */ = {isa = PBXBuildFile; fileRef = 7AB4C6BF1A353B7900D23A88 /* MenuScene.sks */; };
		7ABE759B1AF440E60094C56B /* GameKit.framework in Frameworks */ = {isa = PBXBuildFile; fileRef = 7ABE759A1AF440E60094C56B /* GameKit.framework */; };
		7AC509331AC61D090034F76E /* Smoke.sks in Resources */ = {isa = PBXBuildFile; fileRef = 7AC509311AC61D090034F76E /* Smoke.sks */; };
		7AC509341AC61D090034F76E /* spark.png in Resources */ = {isa = PBXBuildFile; fileRef = 7AC509321AC61D090034F76E /* spark.png */; };
		7ACAA0871ABF30BD002B0F73 /* MultipeerConnectivity.framework in Frameworks */ = {isa = PBXBuildFile; fileRef = 7ACAA0861ABF30BD002B0F73 /* MultipeerConnectivity.framework */; };
		7AD62DB019E5915800697FE2 /* TutorialScene.sks in Resources */ = {isa = PBXBuildFile; fileRef = 7AD62DAF19E5915800697FE2 /* TutorialScene.sks */; };
		7AD62DB219E591E700697FE2 /* GameScene.sks in Resources */ = {isa = PBXBuildFile; fileRef = 7AD62DB119E591E700697FE2 /* GameScene.sks */; };
/* End PBXBuildFile section */

/* Begin PBXCopyFilesBuildPhase section */
		7AF4034B1AEDE75C0099A493 /* Embed App Extensions */ = {
			isa = PBXCopyFilesBuildPhase;
			buildActionMask = 2147483647;
			dstPath = "";
			dstSubfolderSpec = 13;
			files = (
			);
			name = "Embed App Extensions";
			runOnlyForDeploymentPostprocessing = 0;
		};
/* End PBXCopyFilesBuildPhase section */

/* Begin PBXFileReference section */
		7A03E60719D8806800D857BD /* PrVZ-Bridging-Header.h */ = {isa = PBXFileReference; lastKnownFileType = sourcecode.c.h; path = "PrVZ-Bridging-Header.h"; sourceTree = "<group>"; };
		7A11DC581B5720F300666C29 /* StoreKit.framework */ = {isa = PBXFileReference; lastKnownFileType = wrapper.framework; name = StoreKit.framework; path = System/Library/Frameworks/StoreKit.framework; sourceTree = SDKROOT; };
		7A1ABC971BAD230A00D6904C /* PrVZtv.app */ = {isa = PBXFileReference; explicitFileType = wrapper.application; includeInIndex = 0; path = PrVZtv.app; sourceTree = BUILT_PRODUCTS_DIR; };
		7A1ABC991BAD230A00D6904C /* AppDelegate.swift */ = {isa = PBXFileReference; lastKnownFileType = sourcecode.swift; path = AppDelegate.swift; sourceTree = "<group>"; };
		7A1ABC9B1BAD230A00D6904C /* GameScene.sks */ = {isa = PBXFileReference; lastKnownFileType = file.sks; path = GameScene.sks; sourceTree = "<group>"; };
		7A1ABC9F1BAD230A00D6904C /* GameViewController.swift */ = {isa = PBXFileReference; lastKnownFileType = sourcecode.swift; path = GameViewController.swift; sourceTree = "<group>"; };
		7A1ABCA41BAD230A00D6904C /* Base */ = {isa = PBXFileReference; lastKnownFileType = file.storyboard; name = Base; path = Base.lproj/Main.storyboard; sourceTree = "<group>"; };
		7A1ABCA61BAD230A00D6904C /* Assets.xcassets */ = {isa = PBXFileReference; lastKnownFileType = folder.assetcatalog; path = Assets.xcassets; sourceTree = "<group>"; };
		7A1ABCA81BAD230A00D6904C /* Info.plist */ = {isa = PBXFileReference; lastKnownFileType = text.plist.xml; path = Info.plist; sourceTree = "<group>"; };
		7A1ABCC81BAD25A500D6904C /* CatZombie.swift */ = {isa = PBXFileReference; fileEncoding = 4; lastKnownFileType = sourcecode.swift; path = CatZombie.swift; sourceTree = "<group>"; };
		7A1ABCC91BAD25A500D6904C /* GenericZombie.swift */ = {isa = PBXFileReference; fileEncoding = 4; lastKnownFileType = sourcecode.swift; path = GenericZombie.swift; sourceTree = "<group>"; };
		7A1ABCCA1BAD25A500D6904C /* Princess.swift */ = {isa = PBXFileReference; fileEncoding = 4; lastKnownFileType = sourcecode.swift; path = Princess.swift; sourceTree = "<group>"; };
		7A1ABCF01BADC5E800D6904C /* PrVZtv.entitlements */ = {isa = PBXFileReference; lastKnownFileType = text.xml; path = PrVZtv.entitlements; sourceTree = "<group>"; };
		7A1FF9381DD43BCA0021790C /* appIconV2.2 1024.png */ = {isa = PBXFileReference; lastKnownFileType = image.png; path = "appIconV2.2 1024.png"; sourceTree = "<group>"; };
		7A1FF9391DD43BCA0021790C /* appIconV2.2 1920.png */ = {isa = PBXFileReference; lastKnownFileType = image.png; path = "appIconV2.2 1920.png"; sourceTree = "<group>"; };
		7A1FF93A1DD43BCA0021790C /* appIconV2.2 750.png */ = {isa = PBXFileReference; lastKnownFileType = image.png; path = "appIconV2.2 750.png"; sourceTree = "<group>"; };
		7A1FF93B1DD43BCA0021790C /* appIconV2.2.png */ = {isa = PBXFileReference; lastKnownFileType = image.png; path = appIconV2.2.png; sourceTree = "<group>"; };
		7A1FF93C1DD43BCA0021790C /* appIconV2.2_OLD 750.png */ = {isa = PBXFileReference; lastKnownFileType = image.png; path = "appIconV2.2_OLD 750.png"; sourceTree = "<group>"; };
		7A1FF93D1DD43BCA0021790C /* appTvLaunchImage.png */ = {isa = PBXFileReference; lastKnownFileType = image.png; path = appTvLaunchImage.png; sourceTree = "<group>"; };
		7A1FF93E1DD43BCA0021790C /* background-dark.png */ = {isa = PBXFileReference; lastKnownFileType = image.png; path = "background-dark.png"; sourceTree = "<group>"; };
		7A1FF93F1DD43BCA0021790C /* background2.png */ = {isa = PBXFileReference; lastKnownFileType = image.png; path = background2.png; sourceTree = "<group>"; };
		7A1FF9401DD43BCA0021790C /* background3.png */ = {isa = PBXFileReference; lastKnownFileType = image.png; path = background3.png; sourceTree = "<group>"; };
		7A1FF9411DD43BCA0021790C /* background4.png */ = {isa = PBXFileReference; lastKnownFileType = image.png; path = background4.png; sourceTree = "<group>"; };
		7A1FF9421DD43BCA0021790C /* backgroundg.png */ = {isa = PBXFileReference; lastKnownFileType = image.png; path = backgroundg.png; sourceTree = "<group>"; };
		7A1FF9441DD43BCA0021790C /* button 150.png */ = {isa = PBXFileReference; lastKnownFileType = image.png; path = "button 150.png"; sourceTree = "<group>"; };
		7A1FF9451DD43BCA0021790C /* calibrate.png */ = {isa = PBXFileReference; lastKnownFileType = image.png; path = calibrate.png; sourceTree = "<group>"; };
		7A1FF9461DD43BCA0021790C /* calibratePressed.png */ = {isa = PBXFileReference; lastKnownFileType = image.png; path = calibratePressed.png; sourceTree = "<group>"; };
		7A1FF9471DD43BCA0021790C /* developmentButton.png */ = {isa = PBXFileReference; lastKnownFileType = image.png; path = developmentButton.png; sourceTree = "<group>"; };
		7A1FF9481DD43BCA0021790C /* developmentButtonPressed.png */ = {isa = PBXFileReference; lastKnownFileType = image.png; path = developmentButtonPressed.png; sourceTree = "<group>"; };
		7A1FF9491DD43BCA0021790C /* disconnectButton.png */ = {isa = PBXFileReference; lastKnownFileType = image.png; path = disconnectButton.png; sourceTree = "<group>"; };
		7A1FF94A1DD43BCA0021790C /* disconnectButtonPressed.png */ = {isa = PBXFileReference; lastKnownFileType = image.png; path = disconnectButtonPressed.png; sourceTree = "<group>"; };
		7A1FF94B1DD43BCA0021790C /* fireButton.png */ = {isa = PBXFileReference; lastKnownFileType = image.png; path = fireButton.png; sourceTree = "<group>"; };
		7A1FF94C1DD43BCA0021790C /* fireButtonPressed.png */ = {isa = PBXFileReference; lastKnownFileType = image.png; path = fireButtonPressed.png; sourceTree = "<group>"; };
		7A1FF94D1DD43BCA0021790C /* infoButton.png */ = {isa = PBXFileReference; lastKnownFileType = image.png; path = infoButton.png; sourceTree = "<group>"; };
		7A1FF94E1DD43BCA0021790C /* infoButtonPressed.png */ = {isa = PBXFileReference; lastKnownFileType = image.png; path = infoButtonPressed.png; sourceTree = "<group>"; };
		7A1FF94F1DD43BCA0021790C /* mapButton.png */ = {isa = PBXFileReference; lastKnownFileType = image.png; path = mapButton.png; sourceTree = "<group>"; };
		7A1FF9501DD43BCA0021790C /* mapButtonPressed.png */ = {isa = PBXFileReference; lastKnownFileType = image.png; path = mapButtonPressed.png; sourceTree = "<group>"; };
		7A1FF9511DD43BCA0021790C /* menuButton.png */ = {isa = PBXFileReference; lastKnownFileType = image.png; path = menuButton.png; sourceTree = "<group>"; };
		7A1FF9521DD43BCA0021790C /* menuButtonPressed.png */ = {isa = PBXFileReference; lastKnownFileType = image.png; path = menuButtonPressed.png; sourceTree = "<group>"; };
		7A1FF9531DD43BCA0021790C /* multiplayerButton.png */ = {isa = PBXFileReference; lastKnownFileType = image.png; path = multiplayerButton.png; sourceTree = "<group>"; };
		7A1FF9541DD43BCA0021790C /* multiplayerButtonPressed.png */ = {isa = PBXFileReference; lastKnownFileType = image.png; path = multiplayerButtonPressed.png; sourceTree = "<group>"; };
		7A1FF9551DD43BCA0021790C /* mute.png */ = {isa = PBXFileReference; lastKnownFileType = image.png; path = mute.png; sourceTree = "<group>"; };
		7A1FF9561DD43BCA0021790C /* mutePressed.png */ = {isa = PBXFileReference; lastKnownFileType = image.png; path = mutePressed.png; sourceTree = "<group>"; };
		7A1FF9571DD43BCA0021790C /* pause.png */ = {isa = PBXFileReference; lastKnownFileType = image.png; path = pause.png; sourceTree = "<group>"; };
		7A1FF9581DD43BCA0021790C /* resetButton.png */ = {isa = PBXFileReference; lastKnownFileType = image.png; path = resetButton.png; sourceTree = "<group>"; };
		7A1FF9591DD43BCA0021790C /* resetButtonPressed.png */ = {isa = PBXFileReference; lastKnownFileType = image.png; path = resetButtonPressed.png; sourceTree = "<group>"; };
		7A1FF95A1DD43BCA0021790C /* resume.png */ = {isa = PBXFileReference; lastKnownFileType = image.png; path = resume.png; sourceTree = "<group>"; };
		7A1FF95B1DD43BCA0021790C /* saveButton.png */ = {isa = PBXFileReference; lastKnownFileType = image.png; path = saveButton.png; sourceTree = "<group>"; };
		7A1FF95C1DD43BCA0021790C /* saveButtonPressed.png */ = {isa = PBXFileReference; lastKnownFileType = image.png; path = saveButtonPressed.png; sourceTree = "<group>"; };
		7A1FF95D1DD43BCA0021790C /* settingsButton.png */ = {isa = PBXFileReference; lastKnownFileType = image.png; path = settingsButton.png; sourceTree = "<group>"; };
		7A1FF95E1DD43BCA0021790C /* settingsButtonPressed.png */ = {isa = PBXFileReference; lastKnownFileType = image.png; path = settingsButtonPressed.png; sourceTree = "<group>"; };
		7A1FF95F1DD43BCA0021790C /* startButton.png */ = {isa = PBXFileReference; lastKnownFileType = image.png; path = startButton.png; sourceTree = "<group>"; };
		7A1FF9601DD43BCA0021790C /* startButtonGame.png */ = {isa = PBXFileReference; lastKnownFileType = image.png; path = startButtonGame.png; sourceTree = "<group>"; };
		7A1FF9611DD43BCA0021790C /* startButtonGamePressed.png */ = {isa = PBXFileReference; lastKnownFileType = image.png; path = startButtonGamePressed.png; sourceTree = "<group>"; };
		7A1FF9621DD43BCA0021790C /* volumeButton.png */ = {isa = PBXFileReference; lastKnownFileType = image.png; path = volumeButton.png; sourceTree = "<group>"; };
		7A1FF9631DD43BCA0021790C /* volumeButtonPressed.png */ = {isa = PBXFileReference; lastKnownFileType = image.png; path = volumeButtonPressed.png; sourceTree = "<group>"; };
		7A1FF9651DD43BCA0021790C /* ash.png */ = {isa = PBXFileReference; lastKnownFileType = image.png; path = ash.png; sourceTree = "<group>"; };
		7A1FF9661DD43BCA0021790C /* brush.png */ = {isa = PBXFileReference; lastKnownFileType = image.png; path = brush.png; sourceTree = "<group>"; };
		7A1FF9671DD43BCA0021790C /* cat.png */ = {isa = PBXFileReference; lastKnownFileType = image.png; path = cat.png; sourceTree = "<group>"; };
		7A1FF9681DD43BCA0021790C /* catOpen.png */ = {isa = PBXFileReference; lastKnownFileType = image.png; path = catOpen.png; sourceTree = "<group>"; };
		7A1FF9691DD43BCA0021790C /* hairball.png */ = {isa = PBXFileReference; lastKnownFileType = image.png; path = hairball.png; sourceTree = "<group>"; };
		7A1FF96A1DD43BCA0021790C /* princess copy.png */ = {isa = PBXFileReference; lastKnownFileType = image.png; path = "princess copy.png"; sourceTree = "<group>"; };
		7A1FF96B1DD43BCA0021790C /* princess orig.png */ = {isa = PBXFileReference; lastKnownFileType = image.png; path = "princess orig.png"; sourceTree = "<group>"; };
		7A1FF96C1DD43BCA0021790C /* princess.png */ = {isa = PBXFileReference; lastKnownFileType = image.png; path = princess.png; sourceTree = "<group>"; };
		7A1FF96D1DD43BCA0021790C /* princess2.png */ = {isa = PBXFileReference; lastKnownFileType = image.png; path = princess2.png; sourceTree = "<group>"; };
		7A1FF96E1DD43BCA0021790C /* princessDryer.png */ = {isa = PBXFileReference; lastKnownFileType = image.png; path = princessDryer.png; sourceTree = "<group>"; };
		7A1FF96F1DD43BCA0021790C /* zombie.png */ = {isa = PBXFileReference; lastKnownFileType = image.png; path = zombie.png; sourceTree = "<group>"; };
		7A1FF9701DD43BCA0021790C /* Game-Center.png */ = {isa = PBXFileReference; lastKnownFileType = image.png; path = "Game-Center.png"; sourceTree = "<group>"; };
		7A1FF9711DD43BCA0021790C /* Game-CenterPressed.png */ = {isa = PBXFileReference; lastKnownFileType = image.png; path = "Game-CenterPressed.png"; sourceTree = "<group>"; };
		7A1FF9731DD43BCB0021790C /* Castle.png */ = {isa = PBXFileReference; lastKnownFileType = image.png; path = Castle.png; sourceTree = "<group>"; };
		7A1FF9741DD43BCB0021790C /* jungle.png */ = {isa = PBXFileReference; lastKnownFileType = image.png; path = jungle.png; sourceTree = "<group>"; };
		7A1FF9751DD43BCB0021790C /* map1.png */ = {isa = PBXFileReference; lastKnownFileType = image.png; path = map1.png; sourceTree = "<group>"; };
		7A1FF9761DD43BCB0021790C /* Volcano.png */ = {isa = PBXFileReference; lastKnownFileType = image.png; path = Volcano.png; sourceTree = "<group>"; };
		7A1FF9771DD43BCB0021790C /* waterfall.png */ = {isa = PBXFileReference; lastKnownFileType = image.png; path = waterfall.png; sourceTree = "<group>"; };
		7A1FF9781DD43BCB0021790C /* map.png */ = {isa = PBXFileReference; lastKnownFileType = image.png; path = map.png; sourceTree = "<group>"; };
		7A1FF97A1DD43BCB0021790C /* backButton.png */ = {isa = PBXFileReference; lastKnownFileType = image.png; path = backButton.png; sourceTree = "<group>"; };
		7A1FF97B1DD43BCB0021790C /* backButtonPressed.png */ = {isa = PBXFileReference; lastKnownFileType = image.png; path = backButtonPressed.png; sourceTree = "<group>"; };
		7A1FF97C1DD43BCB0021790C /* battery.png */ = {isa = PBXFileReference; lastKnownFileType = image.png; path = battery.png; sourceTree = "<group>"; };
		7A1FF97D1DD43BCB0021790C /* big-infinity-symbol-md.png */ = {isa = PBXFileReference; lastKnownFileType = image.png; path = "big-infinity-symbol-md.png"; sourceTree = "<group>"; };
		7A1FF97E1DD43BCB0021790C /* buyButton.png */ = {isa = PBXFileReference; lastKnownFileType = image.png; path = buyButton.png; sourceTree = "<group>"; };
		7A1FF97F1DD43BCB0021790C /* buyButtonPressed.png */ = {isa = PBXFileReference; lastKnownFileType = image.png; path = buyButtonPressed.png; sourceTree = "<group>"; };
		7A1FF9801DD43BCB0021790C /* check.png */ = {isa = PBXFileReference; lastKnownFileType = image.png; path = check.png; sourceTree = "<group>"; };
		7A1FF9811DD43BCB0021790C /* coin.png */ = {isa = PBXFileReference; lastKnownFileType = image.png; path = coin.png; sourceTree = "<group>"; };
		7A1FF9821DD43BCB0021790C /* healthPack.png */ = {isa = PBXFileReference; lastKnownFileType = image.png; path = healthPack.png; sourceTree = "<group>"; };
		7A1FF9831DD43BCB0021790C /* infiniteBrush.png */ = {isa = PBXFileReference; lastKnownFileType = image.png; path = infiniteBrush.png; sourceTree = "<group>"; };
		7A1FF9841DD43BCB0021790C /* leftScrollButton.png */ = {isa = PBXFileReference; lastKnownFileType = image.png; path = leftScrollButton.png; sourceTree = "<group>"; };
		7A1FF9851DD43BCB0021790C /* leftScrollButtonPressed.png */ = {isa = PBXFileReference; lastKnownFileType = image.png; path = leftScrollButtonPressed.png; sourceTree = "<group>"; };
		7A1FF9861DD43BCB0021790C /* rightScrollButton.png */ = {isa = PBXFileReference; lastKnownFileType = image.png; path = rightScrollButton.png; sourceTree = "<group>"; };
		7A1FF9871DD43BCB0021790C /* rightScrollButtonPressed.png */ = {isa = PBXFileReference; lastKnownFileType = image.png; path = rightScrollButtonPressed.png; sourceTree = "<group>"; };
		7A1FF9881DD43BCB0021790C /* storeButton.png */ = {isa = PBXFileReference; lastKnownFileType = image.png; path = storeButton.png; sourceTree = "<group>"; };
		7A1FF9891DD43BCB0021790C /* storeButtonPressed.png */ = {isa = PBXFileReference; lastKnownFileType = image.png; path = storeButtonPressed.png; sourceTree = "<group>"; };
		7A1FF98C1DD43BCB0021790C /* lbackground.png */ = {isa = PBXFileReference; lastKnownFileType = image.png; path = lbackground.png; sourceTree = "<group>"; };
		7A1FF98D1DD43BCB0021790C /* lmain.png */ = {isa = PBXFileReference; lastKnownFileType = image.png; path = lmain.png; sourceTree = "<group>"; };
		7A1FF98E1DD43BCB0021790C /* lyellow.png */ = {isa = PBXFileReference; lastKnownFileType = image.png; path = lyellow.png; sourceTree = "<group>"; };
		7A1FF9901DD43BCB0021790C /* background.png */ = {isa = PBXFileReference; lastKnownFileType = image.png; path = background.png; sourceTree = "<group>"; };
		7A1FF9911DD43BCB0021790C /* main.png */ = {isa = PBXFileReference; lastKnownFileType = image.png; path = main.png; sourceTree = "<group>"; };
		7A1FF9921DD43BCB0021790C /* yellow.png */ = {isa = PBXFileReference; lastKnownFileType = image.png; path = yellow.png; sourceTree = "<group>"; };
		7A1FF9931DD43BCB0021790C /* tvOSIcon.lsr */ = {isa = PBXFileReference; lastKnownFileType = file; path = tvOSIcon.lsr; sourceTree = "<group>"; };
		7A1FF9951DD43BCB0021790C /* prince.png */ = {isa = PBXFileReference; lastKnownFileType = image.png; path = prince.png; sourceTree = "<group>"; };
		7A1FF9961DD43BCB0021790C /* speech.png */ = {isa = PBXFileReference; lastKnownFileType = image.png; path = speech.png; sourceTree = "<group>"; };
		7A414FC51A881FD500CA7303 /* JCJoystick.h */ = {isa = PBXFileReference; fileEncoding = 4; lastKnownFileType = sourcecode.c.h; path = JCJoystick.h; sourceTree = "<group>"; };
		7A414FC61A881FD500CA7303 /* JCJoystick.m */ = {isa = PBXFileReference; fileEncoding = 4; lastKnownFileType = sourcecode.c.objc; path = JCJoystick.m; sourceTree = "<group>"; };
		7A4C6E3F1AFDBC31004E0070 /* CoreMotion.framework */ = {isa = PBXFileReference; lastKnownFileType = wrapper.framework; name = CoreMotion.framework; path = System/Library/Frameworks/CoreMotion.framework; sourceTree = SDKROOT; };
		7A4E1DAD19D7970800001C55 /* SKButton.swift */ = {isa = PBXFileReference; fileEncoding = 4; lastKnownFileType = sourcecode.swift; path = SKButton.swift; sourceTree = "<group>"; };
		7A4E783619C735B900C5E9B3 /* PrVZ.app */ = {isa = PBXFileReference; explicitFileType = wrapper.application; includeInIndex = 0; path = PrVZ.app; sourceTree = BUILT_PRODUCTS_DIR; };
		7A4E783A19C735B900C5E9B3 /* Info.plist */ = {isa = PBXFileReference; lastKnownFileType = text.plist.xml; path = Info.plist; sourceTree = "<group>"; };
		7A4E783B19C735B900C5E9B3 /* AppDelegate.swift */ = {isa = PBXFileReference; lastKnownFileType = sourcecode.swift; path = AppDelegate.swift; sourceTree = "<group>"; };
		7A4E783D19C735B900C5E9B3 /* TitleScene.sks */ = {isa = PBXFileReference; lastKnownFileType = file.sks; path = TitleScene.sks; sourceTree = "<group>"; };
		7A4E784119C735B900C5E9B3 /* GameViewController.swift */ = {isa = PBXFileReference; lastKnownFileType = sourcecode.swift; path = GameViewController.swift; sourceTree = "<group>"; };
		7A4E784419C735B900C5E9B3 /* Base */ = {isa = PBXFileReference; lastKnownFileType = file.storyboard; name = Base; path = Base.lproj/Main.storyboard; sourceTree = "<group>"; };
		7A4E784619C735B900C5E9B3 /* Images.xcassets */ = {isa = PBXFileReference; lastKnownFileType = folder.assetcatalog; path = Images.xcassets; sourceTree = "<group>"; };
		7A4E784919C735B900C5E9B3 /* Base */ = {isa = PBXFileReference; lastKnownFileType = file.xib; name = Base; path = Base.lproj/LaunchScreen.xib; sourceTree = "<group>"; };
		7A53A7871AF9CA0600A0A7FA /* ChallengeScene.sks */ = {isa = PBXFileReference; lastKnownFileType = file.sks; path = ChallengeScene.sks; sourceTree = "<group>"; };
		7A53A7891AF9CA2D00A0A7FA /* ChallengeScene.swift */ = {isa = PBXFileReference; fileEncoding = 4; lastKnownFileType = sourcecode.swift; path = ChallengeScene.swift; sourceTree = "<group>"; };
		7A656D131BB39EB300A8912F /* GameScene.swift */ = {isa = PBXFileReference; fileEncoding = 4; lastKnownFileType = sourcecode.swift; name = GameScene.swift; path = Shared/GameScene.swift; sourceTree = "<group>"; };
		7A656D171BB39EDD00A8912F /* background-music.wav */ = {isa = PBXFileReference; lastKnownFileType = audio.wav; path = "background-music.wav"; sourceTree = "<group>"; };
		7A772E471B20AF9A00BB71E5 /* DevelopmentScene.swift */ = {isa = PBXFileReference; fileEncoding = 4; lastKnownFileType = sourcecode.swift; path = DevelopmentScene.swift; sourceTree = "<group>"; };
		7A772E491B20B73200BB71E5 /* DevelopmentScene.sks */ = {isa = PBXFileReference; lastKnownFileType = file.sks; path = DevelopmentScene.sks; sourceTree = "<group>"; };
		7A7933A21ADAF728009C0272 /* PrVZ.entitlements */ = {isa = PBXFileReference; lastKnownFileType = text.xml; path = PrVZ.entitlements; sourceTree = SOURCE_ROOT; };
		7A7933A31ADAF74C009C0272 /* CloudKit.framework */ = {isa = PBXFileReference; lastKnownFileType = wrapper.framework; name = CloudKit.framework; path = System/Library/Frameworks/CloudKit.framework; sourceTree = SDKROOT; };
		7A87B8071B263F51003E3571 /* GameController.framework */ = {isa = PBXFileReference; lastKnownFileType = wrapper.framework; name = GameController.framework; path = System/Library/Frameworks/GameController.framework; sourceTree = SDKROOT; };
		7A8E00551ABDDE6C00AA4C26 /* MultiplayerScene.sks */ = {isa = PBXFileReference; lastKnownFileType = file.sks; path = MultiplayerScene.sks; sourceTree = "<group>"; };
		7A8E00571ABDDE9700AA4C26 /* MultiplayerScene.swift */ = {isa = PBXFileReference; fileEncoding = 4; lastKnownFileType = sourcecode.swift; path = MultiplayerScene.swift; sourceTree = "<group>"; };
		7A92656E19CF2A280090595F /* TitleScene.swift */ = {isa = PBXFileReference; fileEncoding = 4; lastKnownFileType = sourcecode.swift; path = TitleScene.swift; sourceTree = "<group>"; };
		7A92657019CF2DEB0090595F /* TutorialScene.swift */ = {isa = PBXFileReference; fileEncoding = 4; lastKnownFileType = sourcecode.swift; path = TutorialScene.swift; sourceTree = "<group>"; };
		7AB4C6BD1A3539F300D23A88 /* MenuScene.swift */ = {isa = PBXFileReference; fileEncoding = 4; lastKnownFileType = sourcecode.swift; path = MenuScene.swift; sourceTree = "<group>"; };
		7AB4C6BF1A353B7900D23A88 /* MenuScene.sks */ = {isa = PBXFileReference; lastKnownFileType = file.sks; path = MenuScene.sks; sourceTree = "<group>"; };
		7ABE759A1AF440E60094C56B /* GameKit.framework */ = {isa = PBXFileReference; lastKnownFileType = wrapper.framework; name = GameKit.framework; path = System/Library/Frameworks/GameKit.framework; sourceTree = SDKROOT; };
		7AC509311AC61D090034F76E /* Smoke.sks */ = {isa = PBXFileReference; lastKnownFileType = file.sks; path = Smoke.sks; sourceTree = "<group>"; };
		7AC509321AC61D090034F76E /* spark.png */ = {isa = PBXFileReference; lastKnownFileType = image.png; path = spark.png; sourceTree = "<group>"; };
		7ACAA0861ABF30BD002B0F73 /* MultipeerConnectivity.framework */ = {isa = PBXFileReference; lastKnownFileType = wrapper.framework; name = MultipeerConnectivity.framework; path = System/Library/Frameworks/MultipeerConnectivity.framework; sourceTree = SDKROOT; };
		7AD62DAF19E5915800697FE2 /* TutorialScene.sks */ = {isa = PBXFileReference; lastKnownFileType = file.sks; path = TutorialScene.sks; sourceTree = "<group>"; };
		7AD62DB119E591E700697FE2 /* GameScene.sks */ = {isa = PBXFileReference; lastKnownFileType = file.sks; path = GameScene.sks; sourceTree = "<group>"; };
/* End PBXFileReference section */

/* Begin PBXFrameworksBuildPhase section */
		7A1ABC941BAD230A00D6904C /* Frameworks */ = {
			isa = PBXFrameworksBuildPhase;
			buildActionMask = 2147483647;
			files = (
			);
			runOnlyForDeploymentPostprocessing = 0;
		};
		7A4E783319C735B900C5E9B3 /* Frameworks */ = {
			isa = PBXFrameworksBuildPhase;
			buildActionMask = 2147483647;
			files = (
				7A87B8081B263F51003E3571 /* GameController.framework in Frameworks */,
				7A4C6E401AFDBC31004E0070 /* CoreMotion.framework in Frameworks */,
				7A11DC591B5720F300666C29 /* StoreKit.framework in Frameworks */,
				7ABE759B1AF440E60094C56B /* GameKit.framework in Frameworks */,
				7A7933A41ADAF74C009C0272 /* CloudKit.framework in Frameworks */,
				7ACAA0871ABF30BD002B0F73 /* MultipeerConnectivity.framework in Frameworks */,
			);
			runOnlyForDeploymentPostprocessing = 0;
		};
/* End PBXFrameworksBuildPhase section */

/* Begin PBXGroup section */
		7A1ABC981BAD230A00D6904C /* PrVZtv */ = {
			isa = PBXGroup;
			children = (
				7A1ABCF01BADC5E800D6904C /* PrVZtv.entitlements */,
				7A1ABC991BAD230A00D6904C /* AppDelegate.swift */,
				7A1ABC9B1BAD230A00D6904C /* GameScene.sks */,
				7A1ABC9F1BAD230A00D6904C /* GameViewController.swift */,
				7A1ABCA31BAD230A00D6904C /* Main.storyboard */,
				7A1ABCA61BAD230A00D6904C /* Assets.xcassets */,
				7A1ABCA81BAD230A00D6904C /* Info.plist */,
			);
			path = PrVZtv;
			sourceTree = "<group>";
		};
		7A1FF9361DD43BCA0021790C /* Images */ = {
			isa = PBXGroup;
			children = (
				7A1FF9371DD43BCA0021790C /* InGame */,
				7A1FF9941DD43BCB0021790C /* Tutorial */,
			);
			name = Images;
			path = Shared/Images;
			sourceTree = "<group>";
		};
		7A1FF9371DD43BCA0021790C /* InGame */ = {
			isa = PBXGroup;
			children = (
				7A1FF9381DD43BCA0021790C /* appIconV2.2 1024.png */,
				7A1FF9391DD43BCA0021790C /* appIconV2.2 1920.png */,
				7A1FF93A1DD43BCA0021790C /* appIconV2.2 750.png */,
				7A1FF93B1DD43BCA0021790C /* appIconV2.2.png */,
				7A1FF93C1DD43BCA0021790C /* appIconV2.2_OLD 750.png */,
				7A1FF93D1DD43BCA0021790C /* appTvLaunchImage.png */,
				7A1FF93E1DD43BCA0021790C /* background-dark.png */,
				7A1FF93F1DD43BCA0021790C /* background2.png */,
				7A1FF9401DD43BCA0021790C /* background3.png */,
				7A1FF9411DD43BCA0021790C /* background4.png */,
				7A1FF9421DD43BCA0021790C /* backgroundg.png */,
				7A1FF9431DD43BCA0021790C /* Buttons */,
				7A1FF9641DD43BCA0021790C /* Characters */,
				7A1FF9701DD43BCA0021790C /* Game-Center.png */,
				7A1FF9711DD43BCA0021790C /* Game-CenterPressed.png */,
				7A1FF9721DD43BCB0021790C /* map */,
				7A1FF9781DD43BCB0021790C /* map.png */,
				7A1FF9791DD43BCB0021790C /* Store */,
				7A1FF98A1DD43BCB0021790C /* tvOS */,
			);
			path = InGame;
			sourceTree = "<group>";
		};
		7A1FF9431DD43BCA0021790C /* Buttons */ = {
			isa = PBXGroup;
			children = (
				7A1FF9441DD43BCA0021790C /* button 150.png */,
				7A1FF9451DD43BCA0021790C /* calibrate.png */,
				7A1FF9461DD43BCA0021790C /* calibratePressed.png */,
				7A1FF9471DD43BCA0021790C /* developmentButton.png */,
				7A1FF9481DD43BCA0021790C /* developmentButtonPressed.png */,
				7A1FF9491DD43BCA0021790C /* disconnectButton.png */,
				7A1FF94A1DD43BCA0021790C /* disconnectButtonPressed.png */,
				7A1FF94B1DD43BCA0021790C /* fireButton.png */,
				7A1FF94C1DD43BCA0021790C /* fireButtonPressed.png */,
				7A1FF94D1DD43BCA0021790C /* infoButton.png */,
				7A1FF94E1DD43BCA0021790C /* infoButtonPressed.png */,
				7A1FF94F1DD43BCA0021790C /* mapButton.png */,
				7A1FF9501DD43BCA0021790C /* mapButtonPressed.png */,
				7A1FF9511DD43BCA0021790C /* menuButton.png */,
				7A1FF9521DD43BCA0021790C /* menuButtonPressed.png */,
				7A1FF9531DD43BCA0021790C /* multiplayerButton.png */,
				7A1FF9541DD43BCA0021790C /* multiplayerButtonPressed.png */,
				7A1FF9551DD43BCA0021790C /* mute.png */,
				7A1FF9561DD43BCA0021790C /* mutePressed.png */,
				7A1FF9571DD43BCA0021790C /* pause.png */,
				7A1FF9581DD43BCA0021790C /* resetButton.png */,
				7A1FF9591DD43BCA0021790C /* resetButtonPressed.png */,
				7A1FF95A1DD43BCA0021790C /* resume.png */,
				7A1FF95B1DD43BCA0021790C /* saveButton.png */,
				7A1FF95C1DD43BCA0021790C /* saveButtonPressed.png */,
				7A1FF95D1DD43BCA0021790C /* settingsButton.png */,
				7A1FF95E1DD43BCA0021790C /* settingsButtonPressed.png */,
				7A1FF95F1DD43BCA0021790C /* startButton.png */,
				7A1FF9601DD43BCA0021790C /* startButtonGame.png */,
				7A1FF9611DD43BCA0021790C /* startButtonGamePressed.png */,
				7A1FF9621DD43BCA0021790C /* volumeButton.png */,
				7A1FF9631DD43BCA0021790C /* volumeButtonPressed.png */,
			);
			path = Buttons;
			sourceTree = "<group>";
		};
		7A1FF9641DD43BCA0021790C /* Characters */ = {
			isa = PBXGroup;
			children = (
				7A1FF9651DD43BCA0021790C /* ash.png */,
				7A1FF9661DD43BCA0021790C /* brush.png */,
				7A1FF9671DD43BCA0021790C /* cat.png */,
				7A1FF9681DD43BCA0021790C /* catOpen.png */,
				7A1FF9691DD43BCA0021790C /* hairball.png */,
				7A1FF96A1DD43BCA0021790C /* princess copy.png */,
				7A1FF96B1DD43BCA0021790C /* princess orig.png */,
				7A1FF96C1DD43BCA0021790C /* princess.png */,
				7A1FF96D1DD43BCA0021790C /* princess2.png */,
				7A1FF96E1DD43BCA0021790C /* princessDryer.png */,
				7A1FF96F1DD43BCA0021790C /* zombie.png */,
			);
			path = Characters;
			sourceTree = "<group>";
		};
		7A1FF9721DD43BCB0021790C /* map */ = {
			isa = PBXGroup;
			children = (
				7A1FF9731DD43BCB0021790C /* Castle.png */,
				7A1FF9741DD43BCB0021790C /* jungle.png */,
				7A1FF9751DD43BCB0021790C /* map1.png */,
				7A1FF9761DD43BCB0021790C /* Volcano.png */,
				7A1FF9771DD43BCB0021790C /* waterfall.png */,
			);
			path = map;
			sourceTree = "<group>";
		};
		7A1FF9791DD43BCB0021790C /* Store */ = {
			isa = PBXGroup;
			children = (
				7A1FF97A1DD43BCB0021790C /* backButton.png */,
				7A1FF97B1DD43BCB0021790C /* backButtonPressed.png */,
				7A1FF97C1DD43BCB0021790C /* battery.png */,
				7A1FF97D1DD43BCB0021790C /* big-infinity-symbol-md.png */,
				7A1FF97E1DD43BCB0021790C /* buyButton.png */,
				7A1FF97F1DD43BCB0021790C /* buyButtonPressed.png */,
				7A1FF9801DD43BCB0021790C /* check.png */,
				7A1FF9811DD43BCB0021790C /* coin.png */,
				7A1FF9821DD43BCB0021790C /* healthPack.png */,
				7A1FF9831DD43BCB0021790C /* infiniteBrush.png */,
				7A1FF9841DD43BCB0021790C /* leftScrollButton.png */,
				7A1FF9851DD43BCB0021790C /* leftScrollButtonPressed.png */,
				7A1FF9861DD43BCB0021790C /* rightScrollButton.png */,
				7A1FF9871DD43BCB0021790C /* rightScrollButtonPressed.png */,
				7A1FF9881DD43BCB0021790C /* storeButton.png */,
				7A1FF9891DD43BCB0021790C /* storeButtonPressed.png */,
			);
			path = Store;
			sourceTree = "<group>";
		};
		7A1FF98A1DD43BCB0021790C /* tvOS */ = {
			isa = PBXGroup;
			children = (
				7A1FF98B1DD43BCB0021790C /* large */,
				7A1FF98F1DD43BCB0021790C /* small */,
				7A1FF9931DD43BCB0021790C /* tvOSIcon.lsr */,
			);
			path = tvOS;
			sourceTree = "<group>";
		};
		7A1FF98B1DD43BCB0021790C /* large */ = {
			isa = PBXGroup;
			children = (
				7A1FF98C1DD43BCB0021790C /* lbackground.png */,
				7A1FF98D1DD43BCB0021790C /* lmain.png */,
				7A1FF98E1DD43BCB0021790C /* lyellow.png */,
			);
			path = large;
			sourceTree = "<group>";
		};
		7A1FF98F1DD43BCB0021790C /* small */ = {
			isa = PBXGroup;
			children = (
				7A1FF9901DD43BCB0021790C /* background.png */,
				7A1FF9911DD43BCB0021790C /* main.png */,
				7A1FF9921DD43BCB0021790C /* yellow.png */,
			);
			path = small;
			sourceTree = "<group>";
		};
		7A1FF9941DD43BCB0021790C /* Tutorial */ = {
			isa = PBXGroup;
			children = (
				7A1FF9951DD43BCB0021790C /* prince.png */,
				7A1FF9961DD43BCB0021790C /* speech.png */,
			);
			path = Tutorial;
			sourceTree = "<group>";
		};
		7A4E782D19C735B900C5E9B3 = {
			isa = PBXGroup;
			children = (
				7A656D0D1BB39DC000A8912F /* Shared */,
				7A1ABC981BAD230A00D6904C /* PrVZtv */,
				7A571A941AF56E8000F94A83 /* Frameworks */,
				7A4E783819C735B900C5E9B3 /* PrVZ */,
				7A4E783719C735B900C5E9B3 /* Products */,
			);
			sourceTree = "<group>";
		};
		7A4E783719C735B900C5E9B3 /* Products */ = {
			isa = PBXGroup;
			children = (
				7A4E783619C735B900C5E9B3 /* PrVZ.app */,
				7A1ABC971BAD230A00D6904C /* PrVZtv.app */,
			);
			name = Products;
			sourceTree = "<group>";
		};
		7A4E783819C735B900C5E9B3 /* PrVZ */ = {
			isa = PBXGroup;
			children = (
				7A7933A21ADAF728009C0272 /* PrVZ.entitlements */,
				7AF5C31219E208BC0003A332 /* Characters */,
				7AF5C31119E208A50003A332 /* Scenes */,
				7AF5C31319E208E50003A332 /* Other */,
				7A4E784319C735B900C5E9B3 /* Main.storyboard */,
				7A4E784119C735B900C5E9B3 /* GameViewController.swift */,
				7A4E783B19C735B900C5E9B3 /* AppDelegate.swift */,
				7A4E784619C735B900C5E9B3 /* Images.xcassets */,
				7A4E784819C735B900C5E9B3 /* LaunchScreen.xib */,
				7A4E783919C735B900C5E9B3 /* Supporting Files */,
			);
			name = PrVZ;
			path = "PrVZ Dev";
			sourceTree = "<group>";
		};
		7A4E783919C735B900C5E9B3 /* Supporting Files */ = {
			isa = PBXGroup;
			children = (
				7A4E783A19C735B900C5E9B3 /* Info.plist */,
			);
			name = "Supporting Files";
			sourceTree = "<group>";
		};
		7A571A941AF56E8000F94A83 /* Frameworks */ = {
			isa = PBXGroup;
			children = (
				7A11DC581B5720F300666C29 /* StoreKit.framework */,
				7A87B8071B263F51003E3571 /* GameController.framework */,
				7A4C6E3F1AFDBC31004E0070 /* CoreMotion.framework */,
				7ABE759A1AF440E60094C56B /* GameKit.framework */,
				7A7933A31ADAF74C009C0272 /* CloudKit.framework */,
				7ACAA0861ABF30BD002B0F73 /* MultipeerConnectivity.framework */,
			);
			name = Frameworks;
			sourceTree = "<group>";
		};
		7A656D0D1BB39DC000A8912F /* Shared */ = {
			isa = PBXGroup;
			children = (
				7A1FF9361DD43BCA0021790C /* Images */,
				7A656D161BB39EDD00A8912F /* Music */,
				7A656D131BB39EB300A8912F /* GameScene.swift */,
			);
			name = Shared;
			sourceTree = "<group>";
		};
		7A656D161BB39EDD00A8912F /* Music */ = {
			isa = PBXGroup;
			children = (
				7A656D171BB39EDD00A8912F /* background-music.wav */,
			);
			name = Music;
			path = Shared/Music;
			sourceTree = "<group>";
		};
		7AC509301AC61CDF0034F76E /* Emitters */ = {
			isa = PBXGroup;
			children = (
				7AC509311AC61D090034F76E /* Smoke.sks */,
				7AC509321AC61D090034F76E /* spark.png */,
			);
			name = Emitters;
			sourceTree = "<group>";
		};
		7AF5C31119E208A50003A332 /* Scenes */ = {
			isa = PBXGroup;
			children = (
				7AC509301AC61CDF0034F76E /* Emitters */,
				7A4E783D19C735B900C5E9B3 /* TitleScene.sks */,
				7AD62DAF19E5915800697FE2 /* TutorialScene.sks */,
				7AD62DB119E591E700697FE2 /* GameScene.sks */,
				7AB4C6BF1A353B7900D23A88 /* MenuScene.sks */,
				7A8E00551ABDDE6C00AA4C26 /* MultiplayerScene.sks */,
				7A53A7871AF9CA0600A0A7FA /* ChallengeScene.sks */,
				7A772E491B20B73200BB71E5 /* DevelopmentScene.sks */,
				7A92656E19CF2A280090595F /* TitleScene.swift */,
				7A92657019CF2DEB0090595F /* TutorialScene.swift */,
				7AB4C6BD1A3539F300D23A88 /* MenuScene.swift */,
				7A8E00571ABDDE9700AA4C26 /* MultiplayerScene.swift */,
				7A53A7891AF9CA2D00A0A7FA /* ChallengeScene.swift */,
				7A772E471B20AF9A00BB71E5 /* DevelopmentScene.swift */,
			);
			name = Scenes;
			sourceTree = "<group>";
		};
		7AF5C31219E208BC0003A332 /* Characters */ = {
			isa = PBXGroup;
			children = (
				7A1ABCC81BAD25A500D6904C /* CatZombie.swift */,
				7A1ABCC91BAD25A500D6904C /* GenericZombie.swift */,
				7A1ABCCA1BAD25A500D6904C /* Princess.swift */,
			);
			name = Characters;
			sourceTree = "<group>";
		};
		7AF5C31319E208E50003A332 /* Other */ = {
			isa = PBXGroup;
			children = (
				7A4E1DAD19D7970800001C55 /* SKButton.swift */,
				7A414FC51A881FD500CA7303 /* JCJoystick.h */,
				7A414FC61A881FD500CA7303 /* JCJoystick.m */,
				7A03E60719D8806800D857BD /* PrVZ-Bridging-Header.h */,
			);
			name = Other;
			sourceTree = "<group>";
		};
/* End PBXGroup section */

/* Begin PBXNativeTarget section */
		7A1ABC961BAD230A00D6904C /* PrVZtv */ = {
			isa = PBXNativeTarget;
			buildConfigurationList = 7A1ABCB81BAD230A00D6904C /* Build configuration list for PBXNativeTarget "PrVZtv" */;
			buildPhases = (
				7A1ABC931BAD230A00D6904C /* Sources */,
				7A1ABC941BAD230A00D6904C /* Frameworks */,
				7A1ABC951BAD230A00D6904C /* Resources */,
			);
			buildRules = (
			);
			dependencies = (
			);
			name = PrVZtv;
			productName = PrVZtv;
			productReference = 7A1ABC971BAD230A00D6904C /* PrVZtv.app */;
			productType = "com.apple.product-type.application";
		};
		7A4E783519C735B900C5E9B3 /* PrVZ */ = {
			isa = PBXNativeTarget;
			buildConfigurationList = 7A4E785919C735B900C5E9B3 /* Build configuration list for PBXNativeTarget "PrVZ" */;
			buildPhases = (
				7A4E783219C735B900C5E9B3 /* Sources */,
				7A4E783319C735B900C5E9B3 /* Frameworks */,
				7A4E783419C735B900C5E9B3 /* Resources */,
				7AF4034B1AEDE75C0099A493 /* Embed App Extensions */,
			);
			buildRules = (
			);
			dependencies = (
			);
			name = PrVZ;
			productName = "PrVZ Dev";
			productReference = 7A4E783619C735B900C5E9B3 /* PrVZ.app */;
			productType = "com.apple.product-type.application";
		};
/* End PBXNativeTarget section */

/* Begin PBXProject section */
		7A4E782E19C735B900C5E9B3 /* Project object */ = {
			isa = PBXProject;
			attributes = {
				LastSwiftMigration = 0710;
				LastSwiftUpdateCheck = 0710;
				LastUpgradeCheck = 0810;
				ORGANIZATIONNAME = jackson;
				TargetAttributes = {
					7A1ABC961BAD230A00D6904C = {
						CreatedOnToolsVersion = 7.1;
						DevelopmentTeam = 26Y8AQV29F;
						LastSwiftMigration = 0810;
						SystemCapabilities = {
							com.apple.GameCenter = {
								enabled = 1;
							};
							com.apple.GameControllers.appletvos = {
								enabled = 1;
							};
							com.apple.iCloud = {
								enabled = 1;
							};
						};
					};
					7A4E783519C735B900C5E9B3 = {
						CreatedOnToolsVersion = 6.0;
						DevelopmentTeam = 26Y8AQV29F;
						LastSwiftMigration = 0800;
						SystemCapabilities = {
							com.apple.ApplicationGroups.iOS = {
								enabled = 1;
							};
							com.apple.GameCenter = {
								enabled = 1;
							};
							com.apple.InAppPurchase = {
								enabled = 1;
							};
							com.apple.iCloud = {
								enabled = 1;
							};
						};
					};
				};
			};
			buildConfigurationList = 7A4E783119C735B900C5E9B3 /* Build configuration list for PBXProject "PrVZ" */;
			compatibilityVersion = "Xcode 3.2";
			developmentRegion = English;
			hasScannedForEncodings = 0;
			knownRegions = (
				en,
				Base,
			);
			mainGroup = 7A4E782D19C735B900C5E9B3;
			productRefGroup = 7A4E783719C735B900C5E9B3 /* Products */;
			projectDirPath = "";
			projectRoot = "";
			targets = (
				7A4E783519C735B900C5E9B3 /* PrVZ */,
				7A1ABC961BAD230A00D6904C /* PrVZtv */,
			);
		};
/* End PBXProject section */

/* Begin PBXResourcesBuildPhase section */
		7A1ABC951BAD230A00D6904C /* Resources */ = {
			isa = PBXResourcesBuildPhase;
			buildActionMask = 2147483647;
			files = (
				7A04D5501DD44BB6004544D0 /* mute.png in Resources */,
				7A04D5511DD44BB6004544D0 /* mutePressed.png in Resources */,
				7A04D5721DD44BDD004544D0 /* lbackground.png in Resources */,
				7A04D5641DD44BC3004544D0 /* princess copy.png in Resources */,
				7A04D5381DD44B41004544D0 /* appIconV2.2_OLD 750.png in Resources */,
				7A04D53A1DD44B47004544D0 /* background-dark.png in Resources */,
				7A04D5801DD44BF7004544D0 /* coin.png in Resources */,
				7A04D5631DD44BC3004544D0 /* hairball.png in Resources */,
				7A04D5471DD44BB6004544D0 /* fireButtonPressed.png in Resources */,
				7A04D54D1DD44BB6004544D0 /* menuButtonPressed.png in Resources */,
				7A04D5541DD44BB6004544D0 /* resetButtonPressed.png in Resources */,
				7A04D5351DD44B39004544D0 /* appIconV2.2 1920.png in Resources */,
				7A04D56F1DD44BCF004544D0 /* Volcano.png in Resources */,
				7A04D5391DD44B44004544D0 /* appTvLaunchImage.png in Resources */,
				7A04D5671DD44BC3004544D0 /* princess2.png in Resources */,
				7A04D5591DD44BB6004544D0 /* settingsButtonPressed.png in Resources */,
				7A04D5651DD44BC3004544D0 /* princess orig.png in Resources */,
				7A1ABCEC1BAD296000D6904C /* Smoke.sks in Resources */,
				7A04D5661DD44BC3004544D0 /* princess.png in Resources */,
				7A04D5531DD44BB6004544D0 /* resetButton.png in Resources */,
				7A04D5751DD44BE2004544D0 /* background.png in Resources */,
				7A04D56C1DD44BCF004544D0 /* Castle.png in Resources */,
				7A04D5621DD44BC3004544D0 /* catOpen.png in Resources */,
				7A04D55A1DD44BB6004544D0 /* startButton.png in Resources */,
				7A04D54F1DD44BB6004544D0 /* multiplayerButtonPressed.png in Resources */,
				7A04D5781DD44BE5004544D0 /* tvOSIcon.lsr in Resources */,
				7A04D54C1DD44BB6004544D0 /* menuButton.png in Resources */,
				7A04D55C1DD44BB6004544D0 /* startButtonGamePressed.png in Resources */,
				7A04D5831DD44BF7004544D0 /* leftScrollButton.png in Resources */,
				7A04D5401DD44B5D004544D0 /* calibrate.png in Resources */,
				7A04D57B1DD44BF7004544D0 /* battery.png in Resources */,
				7A04D5571DD44BB6004544D0 /* saveButtonPressed.png in Resources */,
				7A1ABCA51BAD230A00D6904C /* Main.storyboard in Resources */,
				7A04D5411DD44B5F004544D0 /* calibratePressed.png in Resources */,
				7A04D5841DD44BF7004544D0 /* leftScrollButtonPressed.png in Resources */,
				7A04D5601DD44BC3004544D0 /* brush.png in Resources */,
				7A04D5521DD44BB6004544D0 /* pause.png in Resources */,
				7A04D5891DD44C10004544D0 /* appIconV2.2 1024.png in Resources */,
				7A656D191BB39EDD00A8912F /* background-music.wav in Resources */,
				7A04D5881DD44BF7004544D0 /* storeButtonPressed.png in Resources */,
				7A04D5441DD44B66004544D0 /* disconnectButton.png in Resources */,
				7A04D55D1DD44BB6004544D0 /* volumeButton.png in Resources */,
				7A04D5821DD44BF7004544D0 /* infiniteBrush.png in Resources */,
				7A04D5711DD44BD3004544D0 /* map.png in Resources */,
				7A04D5451DD44BB6004544D0 /* disconnectButtonPressed.png in Resources */,
				7A04D5431DD44B64004544D0 /* developmentButtonPressed.png in Resources */,
				7A04D5551DD44BB6004544D0 /* resume.png in Resources */,
				7A04D5871DD44BF7004544D0 /* storeButton.png in Resources */,
				7A04D5481DD44BB6004544D0 /* infoButton.png in Resources */,
				7A04D5581DD44BB6004544D0 /* settingsButton.png in Resources */,
				7A04D5811DD44BF7004544D0 /* healthPack.png in Resources */,
				7A04D5361DD44B3C004544D0 /* appIconV2.2 750.png in Resources */,
				7A04D53F1DD44B5A004544D0 /* button 150.png in Resources */,
				7A04D56B1DD44BC7004544D0 /* Game-CenterPressed.png in Resources */,
				7A1ABC9C1BAD230A00D6904C /* GameScene.sks in Resources */,
				7A04D5851DD44BF7004544D0 /* rightScrollButton.png in Resources */,
				7A04D5491DD44BB6004544D0 /* infoButtonPressed.png in Resources */,
				7A04D56E1DD44BCF004544D0 /* map1.png in Resources */,
				7A04D57C1DD44BF7004544D0 /* big-infinity-symbol-md.png in Resources */,
				7A04D55F1DD44BC3004544D0 /* ash.png in Resources */,
				7A04D53E1DD44B56004544D0 /* backgroundg.png in Resources */,
				7A04D5741DD44BDD004544D0 /* lyellow.png in Resources */,
				7A04D5561DD44BB6004544D0 /* saveButton.png in Resources */,
				7A04D57F1DD44BF7004544D0 /* check.png in Resources */,
				7A04D5371DD44B3E004544D0 /* appIconV2.2.png in Resources */,
				7A04D55E1DD44BB6004544D0 /* volumeButtonPressed.png in Resources */,
				7A04D53D1DD44B54004544D0 /* background4.png in Resources */,
				7A04D57E1DD44BF7004544D0 /* buyButtonPressed.png in Resources */,
				7A04D5731DD44BDD004544D0 /* lmain.png in Resources */,
				7A04D5421DD44B61004544D0 /* developmentButton.png in Resources */,
				7A04D5761DD44BE2004544D0 /* main.png in Resources */,
				7A04D5461DD44BB6004544D0 /* fireButton.png in Resources */,
				7A04D57A1DD44BF7004544D0 /* backButtonPressed.png in Resources */,
				7A04D5861DD44BF7004544D0 /* rightScrollButtonPressed.png in Resources */,
				7A1ABCA71BAD230A00D6904C /* Assets.xcassets in Resources */,
				7A04D5681DD44BC3004544D0 /* princessDryer.png in Resources */,
				7A04D56A1DD44BC7004544D0 /* Game-Center.png in Resources */,
				7A1ABCED1BAD296300D6904C /* spark.png in Resources */,
				7A04D55B1DD44BB6004544D0 /* startButtonGame.png in Resources */,
				7A04D54B1DD44BB6004544D0 /* mapButtonPressed.png in Resources */,
				7A04D54E1DD44BB6004544D0 /* multiplayerButton.png in Resources */,
				7A04D5691DD44BC3004544D0 /* zombie.png in Resources */,
				7A04D5791DD44BF7004544D0 /* backButton.png in Resources */,
				7A04D56D1DD44BCF004544D0 /* jungle.png in Resources */,
				7A04D53B1DD44B4A004544D0 /* background2.png in Resources */,
				7A04D5701DD44BCF004544D0 /* waterfall.png in Resources */,
				7A04D5771DD44BE2004544D0 /* yellow.png in Resources */,
				7A04D5611DD44BC3004544D0 /* cat.png in Resources */,
				7A04D57D1DD44BF7004544D0 /* buyButton.png in Resources */,
				7A04D54A1DD44BB6004544D0 /* mapButton.png in Resources */,
				7A04D53C1DD44B51004544D0 /* background3.png in Resources */,
			);
			runOnlyForDeploymentPostprocessing = 0;
		};
		7A4E783419C735B900C5E9B3 /* Resources */ = {
			isa = PBXResourcesBuildPhase;
			buildActionMask = 2147483647;
			files = (
				7A1FF9C21DD43BCB0021790C /* ash.png in Resources */,
				7A1FF9A81DD43BCB0021790C /* disconnectButtonPressed.png in Resources */,
				7A1FF9D51DD43BCB0021790C /* backButton.png in Resources */,
				7A1FF9D11DD43BCB0021790C /* map1.png in Resources */,
				7A1FF9E61DD43BCB0021790C /* lmain.png in Resources */,
				7A1FF9E41DD43BCB0021790C /* storeButtonPressed.png in Resources */,
				7A4E784A19C735B900C5E9B3 /* LaunchScreen.xib in Resources */,
				7A1FF9A61DD43BCB0021790C /* developmentButtonPressed.png in Resources */,
				7A1FF9E21DD43BCB0021790C /* rightScrollButtonPressed.png in Resources */,
				7A1FF9ED1DD43BCB0021790C /* speech.png in Resources */,
				7A1FF9A91DD43BCB0021790C /* fireButton.png in Resources */,
				7A1FF9BE1DD43BCB0021790C /* startButtonGame.png in Resources */,
				7A1FF9E81DD43BCB0021790C /* background.png in Resources */,
				7A1FF9A11DD43BCB0021790C /* backgroundg.png in Resources */,
				7A1FF9B41DD43BCB0021790C /* mutePressed.png in Resources */,
				7A1FF99F1DD43BCB0021790C /* background3.png in Resources */,
				7A1FF9A21DD43BCB0021790C /* button 150.png in Resources */,
				7A1FF9B21DD43BCB0021790C /* multiplayerButtonPressed.png in Resources */,
				7A1FF9B31DD43BCB0021790C /* mute.png in Resources */,
				7A53A7881AF9CA0600A0A7FA /* ChallengeScene.sks in Resources */,
				7A1FF9971DD43BCB0021790C /* appIconV2.2 1024.png in Resources */,
				7A1FF9BB1DD43BCB0021790C /* settingsButton.png in Resources */,
				7A1FF9DC1DD43BCB0021790C /* coin.png in Resources */,
				7A1FF9AB1DD43BCB0021790C /* infoButton.png in Resources */,
				7AD62DB219E591E700697FE2 /* GameScene.sks in Resources */,
				7A1FF9AA1DD43BCB0021790C /* fireButtonPressed.png in Resources */,
				7A1FF9D01DD43BCB0021790C /* jungle.png in Resources */,
				7A1FF9D61DD43BCB0021790C /* backButtonPressed.png in Resources */,
				7A1FF9CD1DD43BCB0021790C /* Game-Center.png in Resources */,
				7A1FF9C81DD43BCB0021790C /* princess orig.png in Resources */,
				7A1FF9C71DD43BCB0021790C /* princess copy.png in Resources */,
				7A1FF9DD1DD43BCB0021790C /* healthPack.png in Resources */,
				7A1FF99C1DD43BCB0021790C /* appTvLaunchImage.png in Resources */,
				7A1FF9E91DD43BCB0021790C /* main.png in Resources */,
				7A1FF9B81DD43BCB0021790C /* resume.png in Resources */,
				7A1FF9991DD43BCB0021790C /* appIconV2.2 750.png in Resources */,
				7AB4C6C01A353B7900D23A88 /* MenuScene.sks in Resources */,
				7A1FF99B1DD43BCB0021790C /* appIconV2.2_OLD 750.png in Resources */,
				7A1FF9AC1DD43BCB0021790C /* infoButtonPressed.png in Resources */,
				7A1FF9E11DD43BCB0021790C /* rightScrollButton.png in Resources */,
				7A1FF9CF1DD43BCB0021790C /* Castle.png in Resources */,
				7A1FF9A31DD43BCB0021790C /* calibrate.png in Resources */,
				7A1FF9A01DD43BCB0021790C /* background4.png in Resources */,
				7A1FF9C61DD43BCB0021790C /* hairball.png in Resources */,
				7A1FF9E01DD43BCB0021790C /* leftScrollButtonPressed.png in Resources */,
				7A1FF99A1DD43BCB0021790C /* appIconV2.2.png in Resources */,
				7A1FF9DB1DD43BCB0021790C /* check.png in Resources */,
				7A1FF9B11DD43BCB0021790C /* multiplayerButton.png in Resources */,
				7A1FF9AE1DD43BCB0021790C /* mapButtonPressed.png in Resources */,
				7A1FF9CA1DD43BCB0021790C /* princess2.png in Resources */,
				7A1FF9C11DD43BCB0021790C /* volumeButtonPressed.png in Resources */,
				7AC509341AC61D090034F76E /* spark.png in Resources */,
				7A1FF9CB1DD43BCB0021790C /* princessDryer.png in Resources */,
				7A1FF9B51DD43BCB0021790C /* pause.png in Resources */,
				7A1FF9C31DD43BCB0021790C /* brush.png in Resources */,
				7A1FF9B91DD43BCB0021790C /* saveButton.png in Resources */,
				7A1FF9EA1DD43BCB0021790C /* yellow.png in Resources */,
				7A1FF9AF1DD43BCB0021790C /* menuButton.png in Resources */,
				7A1FF9DF1DD43BCB0021790C /* leftScrollButton.png in Resources */,
				7A1FF9EC1DD43BCB0021790C /* prince.png in Resources */,
				7A1FF9E51DD43BCB0021790C /* lbackground.png in Resources */,
				7A1FF9C91DD43BCB0021790C /* princess.png in Resources */,
				7A1FF9D21DD43BCB0021790C /* Volcano.png in Resources */,
				7A656D181BB39EDD00A8912F /* background-music.wav in Resources */,
				7A1FF9C51DD43BCB0021790C /* catOpen.png in Resources */,
				7A1FF9E31DD43BCB0021790C /* storeButton.png in Resources */,
				7A1FF9CC1DD43BCB0021790C /* zombie.png in Resources */,
				7AD62DB019E5915800697FE2 /* TutorialScene.sks in Resources */,
				7A4E784719C735B900C5E9B3 /* Images.xcassets in Resources */,
				7A1FF9D81DD43BCB0021790C /* big-infinity-symbol-md.png in Resources */,
				7A1FF9EB1DD43BCB0021790C /* tvOSIcon.lsr in Resources */,
				7A1FF99D1DD43BCB0021790C /* background-dark.png in Resources */,
				7A1FF9DE1DD43BCB0021790C /* infiniteBrush.png in Resources */,
				7A1FF9A51DD43BCB0021790C /* developmentButton.png in Resources */,
				7A1FF9BF1DD43BCB0021790C /* startButtonGamePressed.png in Resources */,
				7A1FF9D41DD43BCB0021790C /* map.png in Resources */,
				7A1FF9BD1DD43BCB0021790C /* startButton.png in Resources */,
				7A1FF9B01DD43BCB0021790C /* menuButtonPressed.png in Resources */,
				7A1FF9BC1DD43BCB0021790C /* settingsButtonPressed.png in Resources */,
				7A1FF9C01DD43BCB0021790C /* volumeButton.png in Resources */,
				7A1FF9DA1DD43BCB0021790C /* buyButtonPressed.png in Resources */,
				7A1FF9D71DD43BCB0021790C /* battery.png in Resources */,
				7A1FF9AD1DD43BCB0021790C /* mapButton.png in Resources */,
				7A772E4A1B20B73200BB71E5 /* DevelopmentScene.sks in Resources */,
				7A1FF9B71DD43BCB0021790C /* resetButtonPressed.png in Resources */,
				7A8E00561ABDDE6C00AA4C26 /* MultiplayerScene.sks in Resources */,
				7A1FF9D31DD43BCB0021790C /* waterfall.png in Resources */,
				7A1FF99E1DD43BCB0021790C /* background2.png in Resources */,
				7A1FF9CE1DD43BCB0021790C /* Game-CenterPressed.png in Resources */,
				7A1FF9BA1DD43BCB0021790C /* saveButtonPressed.png in Resources */,
				7AC509331AC61D090034F76E /* Smoke.sks in Resources */,
				7A1FF9981DD43BCB0021790C /* appIconV2.2 1920.png in Resources */,
				7A1FF9C41DD43BCB0021790C /* cat.png in Resources */,
				7A1FF9A41DD43BCB0021790C /* calibratePressed.png in Resources */,
				7A1FF9B61DD43BCB0021790C /* resetButton.png in Resources */,
				7A1FF9D91DD43BCB0021790C /* buyButton.png in Resources */,
				7A1FF9E71DD43BCB0021790C /* lyellow.png in Resources */,
				7A4E783E19C735B900C5E9B3 /* TitleScene.sks in Resources */,
				7A4E784519C735B900C5E9B3 /* Main.storyboard in Resources */,
				7A1FF9A71DD43BCB0021790C /* disconnectButton.png in Resources */,
			);
			runOnlyForDeploymentPostprocessing = 0;
		};
/* End PBXResourcesBuildPhase section */

/* Begin PBXSourcesBuildPhase section */
		7A1ABC931BAD230A00D6904C /* Sources */ = {
			isa = PBXSourcesBuildPhase;
			buildActionMask = 2147483647;
			files = (
				7A1ABCCD1BAD25A500D6904C /* Princess.swift in Sources */,
				7A1ABCCB1BAD25A500D6904C /* CatZombie.swift in Sources */,
				7A1ABCA01BAD230A00D6904C /* GameViewController.swift in Sources */,
				7A1ABCCC1BAD25A500D6904C /* GenericZombie.swift in Sources */,
				7A656D151BB39EB300A8912F /* GameScene.swift in Sources */,
				7A1ABC9A1BAD230A00D6904C /* AppDelegate.swift in Sources */,
			);
			runOnlyForDeploymentPostprocessing = 0;
		};
		7A4E783219C735B900C5E9B3 /* Sources */ = {
			isa = PBXSourcesBuildPhase;
			buildActionMask = 2147483647;
			files = (
				7A656D141BB39EB300A8912F /* GameScene.swift in Sources */,
				7A414FC71A881FD500CA7303 /* JCJoystick.m in Sources */,
				7A53A78A1AF9CA2D00A0A7FA /* ChallengeScene.swift in Sources */,
				7A772E481B20AF9A00BB71E5 /* DevelopmentScene.swift in Sources */,
				7AB4C6BE1A3539F300D23A88 /* MenuScene.swift in Sources */,
				7A4E1DAE19D7970900001C55 /* SKButton.swift in Sources */,
				7A1ABCEB1BAD278700D6904C /* Princess.swift in Sources */,
				7A4E784219C735B900C5E9B3 /* GameViewController.swift in Sources */,
				7A8E00581ABDDE9700AA4C26 /* MultiplayerScene.swift in Sources */,
				7A1ABCE91BAD278200D6904C /* CatZombie.swift in Sources */,
				7A1ABCEA1BAD278500D6904C /* GenericZombie.swift in Sources */,
				7A4E783C19C735B900C5E9B3 /* AppDelegate.swift in Sources */,
				7A92656F19CF2A280090595F /* TitleScene.swift in Sources */,
				7A92657119CF2DEB0090595F /* TutorialScene.swift in Sources */,
			);
			runOnlyForDeploymentPostprocessing = 0;
		};
/* End PBXSourcesBuildPhase section */

/* Begin PBXVariantGroup section */
		7A1ABCA31BAD230A00D6904C /* Main.storyboard */ = {
			isa = PBXVariantGroup;
			children = (
				7A1ABCA41BAD230A00D6904C /* Base */,
			);
			name = Main.storyboard;
			sourceTree = "<group>";
		};
		7A4E784319C735B900C5E9B3 /* Main.storyboard */ = {
			isa = PBXVariantGroup;
			children = (
				7A4E784419C735B900C5E9B3 /* Base */,
			);
			name = Main.storyboard;
			sourceTree = "<group>";
		};
		7A4E784819C735B900C5E9B3 /* LaunchScreen.xib */ = {
			isa = PBXVariantGroup;
			children = (
				7A4E784919C735B900C5E9B3 /* Base */,
			);
			name = LaunchScreen.xib;
			sourceTree = "<group>";
		};
/* End PBXVariantGroup section */

/* Begin XCBuildConfiguration section */
		7A1ABCB41BAD230A00D6904C /* Debug */ = {
			isa = XCBuildConfiguration;
			buildSettings = {
				ASSETCATALOG_COMPILER_APPICON_NAME = "App Icon & Top Shelf Image";
				ASSETCATALOG_COMPILER_LAUNCHIMAGE_NAME = LaunchImage;
				CODE_SIGN_ENTITLEMENTS = PrVZtv/PrVZtv.entitlements;
				DEBUG_INFORMATION_FORMAT = "dwarf-with-dsym";
				GCC_NO_COMMON_BLOCKS = YES;
				INFOPLIST_FILE = PrVZtv/Info.plist;
				LD_RUNPATH_SEARCH_PATHS = "$(inherited) @executable_path/Frameworks";
				PRODUCT_BUNDLE_IDENTIFIER = com.jacksonjude.PrVZ;
				PRODUCT_NAME = "$(TARGET_NAME)";
				SDKROOT = appletvos;
				SWIFT_VERSION = 3.0;
				TARGETED_DEVICE_FAMILY = 3;
				TVOS_DEPLOYMENT_TARGET = 9.0;
			};
			name = Debug;
		};
		7A1ABCB51BAD230A00D6904C /* Release */ = {
			isa = XCBuildConfiguration;
			buildSettings = {
				ASSETCATALOG_COMPILER_APPICON_NAME = "App Icon & Top Shelf Image";
				ASSETCATALOG_COMPILER_LAUNCHIMAGE_NAME = LaunchImage;
				CODE_SIGN_ENTITLEMENTS = PrVZtv/PrVZtv.entitlements;
				COPY_PHASE_STRIP = NO;
				DEBUG_INFORMATION_FORMAT = "dwarf-with-dsym";
				GCC_NO_COMMON_BLOCKS = YES;
				INFOPLIST_FILE = PrVZtv/Info.plist;
				LD_RUNPATH_SEARCH_PATHS = "$(inherited) @executable_path/Frameworks";
				PRODUCT_BUNDLE_IDENTIFIER = com.jacksonjude.PrVZ;
				PRODUCT_NAME = "$(TARGET_NAME)";
				SDKROOT = appletvos;
				SWIFT_OPTIMIZATION_LEVEL = "-Owholemodule";
				SWIFT_VERSION = 3.0;
				TARGETED_DEVICE_FAMILY = 3;
				TVOS_DEPLOYMENT_TARGET = 9.0;
			};
			name = Release;
		};
		7A4E785719C735B900C5E9B3 /* Debug */ = {
			isa = XCBuildConfiguration;
			buildSettings = {
				ALWAYS_SEARCH_USER_PATHS = NO;
				CLANG_CXX_LANGUAGE_STANDARD = "gnu++0x";
				CLANG_CXX_LIBRARY = "libc++";
				CLANG_ENABLE_MODULES = YES;
				CLANG_ENABLE_OBJC_ARC = YES;
				CLANG_WARN_BOOL_CONVERSION = YES;
				CLANG_WARN_CONSTANT_CONVERSION = YES;
				CLANG_WARN_DIRECT_OBJC_ISA_USAGE = YES_ERROR;
				CLANG_WARN_EMPTY_BODY = YES;
				CLANG_WARN_ENUM_CONVERSION = YES;
				CLANG_WARN_INFINITE_RECURSION = YES;
				CLANG_WARN_INT_CONVERSION = YES;
				CLANG_WARN_OBJC_ROOT_CLASS = YES_ERROR;
				CLANG_WARN_SUSPICIOUS_MOVE = YES;
				CLANG_WARN_UNREACHABLE_CODE = YES;
				CLANG_WARN__DUPLICATE_METHOD_MATCH = YES;
				"CODE_SIGN_IDENTITY[sdk=iphoneos*]" = "iPhone Developer";
				COPY_PHASE_STRIP = NO;
				ENABLE_STRICT_OBJC_MSGSEND = YES;
				ENABLE_TESTABILITY = YES;
				GCC_C_LANGUAGE_STANDARD = gnu99;
				GCC_DYNAMIC_NO_PIC = NO;
				GCC_NO_COMMON_BLOCKS = YES;
				GCC_OPTIMIZATION_LEVEL = 0;
				GCC_PREPROCESSOR_DEFINITIONS = (
					"DEBUG=1",
					"$(inherited)",
				);
				GCC_SYMBOLS_PRIVATE_EXTERN = NO;
				GCC_WARN_64_TO_32_BIT_CONVERSION = YES;
				GCC_WARN_ABOUT_RETURN_TYPE = YES_ERROR;
				GCC_WARN_UNDECLARED_SELECTOR = YES;
				GCC_WARN_UNINITIALIZED_AUTOS = YES_AGGRESSIVE;
				GCC_WARN_UNUSED_FUNCTION = YES;
				GCC_WARN_UNUSED_VARIABLE = YES;
				IPHONEOS_DEPLOYMENT_TARGET = 9.3;
				MTL_ENABLE_DEBUG_INFO = YES;
				ONLY_ACTIVE_ARCH = YES;
				SDKROOT = iphoneos;
				SWIFT_OPTIMIZATION_LEVEL = "-Onone";
				TARGETED_DEVICE_FAMILY = "1,2";
			};
			name = Debug;
		};
		7A4E785819C735B900C5E9B3 /* Release */ = {
			isa = XCBuildConfiguration;
			buildSettings = {
				ALWAYS_SEARCH_USER_PATHS = NO;
				CLANG_CXX_LANGUAGE_STANDARD = "gnu++0x";
				CLANG_CXX_LIBRARY = "libc++";
				CLANG_ENABLE_MODULES = YES;
				CLANG_ENABLE_OBJC_ARC = YES;
				CLANG_WARN_BOOL_CONVERSION = YES;
				CLANG_WARN_CONSTANT_CONVERSION = YES;
				CLANG_WARN_DIRECT_OBJC_ISA_USAGE = YES_ERROR;
				CLANG_WARN_EMPTY_BODY = YES;
				CLANG_WARN_ENUM_CONVERSION = YES;
				CLANG_WARN_INFINITE_RECURSION = YES;
				CLANG_WARN_INT_CONVERSION = YES;
				CLANG_WARN_OBJC_ROOT_CLASS = YES_ERROR;
				CLANG_WARN_SUSPICIOUS_MOVE = YES;
				CLANG_WARN_UNREACHABLE_CODE = YES;
				CLANG_WARN__DUPLICATE_METHOD_MATCH = YES;
				"CODE_SIGN_IDENTITY[sdk=iphoneos*]" = "iPhone Developer";
				COPY_PHASE_STRIP = YES;
				ENABLE_NS_ASSERTIONS = NO;
				ENABLE_STRICT_OBJC_MSGSEND = YES;
				GCC_C_LANGUAGE_STANDARD = gnu99;
				GCC_NO_COMMON_BLOCKS = YES;
				GCC_WARN_64_TO_32_BIT_CONVERSION = YES;
				GCC_WARN_ABOUT_RETURN_TYPE = YES_ERROR;
				GCC_WARN_UNDECLARED_SELECTOR = YES;
				GCC_WARN_UNINITIALIZED_AUTOS = YES_AGGRESSIVE;
				GCC_WARN_UNUSED_FUNCTION = YES;
				GCC_WARN_UNUSED_VARIABLE = YES;
				IPHONEOS_DEPLOYMENT_TARGET = 9.3;
				MTL_ENABLE_DEBUG_INFO = NO;
				SDKROOT = iphoneos;
				TARGETED_DEVICE_FAMILY = "1,2";
				VALIDATE_PRODUCT = YES;
			};
			name = Release;
		};
		7A4E785A19C735B900C5E9B3 /* Debug */ = {
			isa = XCBuildConfiguration;
			buildSettings = {
				ASSETCATALOG_COMPILER_APPICON_NAME = AppIcon;
				CLANG_ENABLE_MODULES = YES;
				CODE_SIGN_ENTITLEMENTS = PrVZ.entitlements;
				CODE_SIGN_IDENTITY = "iPhone Developer";
				"CODE_SIGN_IDENTITY[sdk=iphoneos*]" = "iPhone Developer";
				COPY_PHASE_STRIP = NO;
				ENABLE_BITCODE = YES;
				FRAMEWORK_SEARCH_PATHS = (
					"$(inherited)",
					"$(PROJECT_DIR)",
				);
				INFOPLIST_FILE = "$(SRCROOT)/PrVZ Dev/Info.plist";
				LD_RUNPATH_SEARCH_PATHS = "$(inherited) @executable_path/Frameworks";
				PRODUCT_BUNDLE_IDENTIFIER = "com.jacksonjude.$(PRODUCT_NAME:rfc1034identifier)";
				PRODUCT_NAME = "$(TARGET_NAME)";
				PROVISIONING_PROFILE = "";
				SWIFT_OBJC_BRIDGING_HEADER = "PrVZ Dev/PrVZ-Bridging-Header.h";
				SWIFT_OPTIMIZATION_LEVEL = "-Onone";
				SWIFT_VERSION = 3.0;
				TARGETED_DEVICE_FAMILY = "1,2";
			};
			name = Debug;
		};
		7A4E785B19C735B900C5E9B3 /* Release */ = {
			isa = XCBuildConfiguration;
			buildSettings = {
				ASSETCATALOG_COMPILER_APPICON_NAME = AppIcon;
				CLANG_ENABLE_MODULES = YES;
				CODE_SIGN_ENTITLEMENTS = PrVZ.entitlements;
				CODE_SIGN_IDENTITY = "iPhone Developer";
				"CODE_SIGN_IDENTITY[sdk=iphoneos*]" = "iPhone Developer";
				ENABLE_BITCODE = YES;
				FRAMEWORK_SEARCH_PATHS = (
					"$(inherited)",
					"$(PROJECT_DIR)",
				);
				INFOPLIST_FILE = "$(SRCROOT)/PrVZ Dev/Info.plist";
				LD_RUNPATH_SEARCH_PATHS = "$(inherited) @executable_path/Frameworks";
				PRODUCT_BUNDLE_IDENTIFIER = "com.jacksonjude.$(PRODUCT_NAME:rfc1034identifier)";
				PRODUCT_NAME = "$(TARGET_NAME)";
				PROVISIONING_PROFILE = "";
				SWIFT_OBJC_BRIDGING_HEADER = "PrVZ Dev/PrVZ-Bridging-Header.h";
				SWIFT_OPTIMIZATION_LEVEL = "-Owholemodule";
				SWIFT_VERSION = 3.0;
				TARGETED_DEVICE_FAMILY = "1,2";
			};
			name = Release;
		};
/* End XCBuildConfiguration section */

/* Begin XCConfigurationList section */
		7A1ABCB81BAD230A00D6904C /* Build configuration list for PBXNativeTarget "PrVZtv" */ = {
			isa = XCConfigurationList;
			buildConfigurations = (
				7A1ABCB41BAD230A00D6904C /* Debug */,
				7A1ABCB51BAD230A00D6904C /* Release */,
			);
			defaultConfigurationIsVisible = 0;
			defaultConfigurationName = Release;
		};
		7A4E783119C735B900C5E9B3 /* Build configuration list for PBXProject "PrVZ" */ = {
			isa = XCConfigurationList;
			buildConfigurations = (
				7A4E785719C735B900C5E9B3 /* Debug */,
				7A4E785819C735B900C5E9B3 /* Release */,
			);
			defaultConfigurationIsVisible = 0;
			defaultConfigurationName = Release;
		};
		7A4E785919C735B900C5E9B3 /* Build configuration list for PBXNativeTarget "PrVZ" */ = {
			isa = XCConfigurationList;
			buildConfigurations = (
				7A4E785A19C735B900C5E9B3 /* Debug */,
				7A4E785B19C735B900C5E9B3 /* Release */,
			);
			defaultConfigurationIsVisible = 0;
			defaultConfigurationName = Release;
		};
/* End XCConfigurationList section */
	};
	rootObject = 7A4E782E19C735B900C5E9B3 /* Project object */;
}
